// !$*UTF8*$!
{
	archiveVersion = 1;
	classes = {
	};
	objectVersion = 46;
	objects = {

/* Begin PBXAggregateTarget section */
		60B1B8CC1CF45FF800C99E92 /* Universal */ = {
			isa = PBXAggregateTarget;
			buildConfigurationList = 60B1B8CD1CF45FF800C99E92 /* Build configuration list for PBXAggregateTarget "Universal" */;
			buildPhases = (
				60B1B8D01CF4600100C99E92 /* ShellScript */,
			);
			dependencies = (
			);
			name = Universal;
			productName = Universal;
		};
/* End PBXAggregateTarget section */

/* Begin PBXBuildFile section */
		2D2BE52F1A0C9196003724D4 /* Foundation.framework in Frameworks */ = {isa = PBXBuildFile; fileRef = 2D2BE52E1A0C9196003724D4 /* Foundation.framework */; };
		2D4F33711AE3FAA10067D7A6 /* UIKit.framework in Frameworks */ = {isa = PBXBuildFile; fileRef = 2D4F33701AE3FAA10067D7A6 /* UIKit.framework */; };
		2DCD5C1B1CF451390083BC43 /* CZ2DPoint.cpp in Sources */ = {isa = PBXBuildFile; fileRef = 2DCD5C071CF451390083BC43 /* CZ2DPoint.cpp */; };
		2DCD5C1C1CF451390083BC43 /* CZ3DPoint.cpp in Sources */ = {isa = PBXBuildFile; fileRef = 2DCD5C091CF451390083BC43 /* CZ3DPoint.cpp */; };
		2DCD5C1D1CF451390083BC43 /* CZAffineTransform.cpp in Sources */ = {isa = PBXBuildFile; fileRef = 2DCD5C0B1CF451390083BC43 /* CZAffineTransform.cpp */; };
		2DCD5C1E1CF451390083BC43 /* CZColor.cpp in Sources */ = {isa = PBXBuildFile; fileRef = 2DCD5C0D1CF451390083BC43 /* CZColor.cpp */; };
		2DCD5C1F1CF451390083BC43 /* CZImage.cpp in Sources */ = {isa = PBXBuildFile; fileRef = 2DCD5C0F1CF451390083BC43 /* CZImage.cpp */; };
		2DCD5C201CF451390083BC43 /* CZMat4.cpp in Sources */ = {isa = PBXBuildFile; fileRef = 2DCD5C111CF451390083BC43 /* CZMat4.cpp */; };
		2DCD5C211CF451390083BC43 /* CZProperty.cpp in Sources */ = {isa = PBXBuildFile; fileRef = 2DCD5C131CF451390083BC43 /* CZProperty.cpp */; };
		2DCD5C221CF451390083BC43 /* CZRandom.cpp in Sources */ = {isa = PBXBuildFile; fileRef = 2DCD5C151CF451390083BC43 /* CZRandom.cpp */; };
		2DCD5C231CF451390083BC43 /* CZRect.cpp in Sources */ = {isa = PBXBuildFile; fileRef = 2DCD5C171CF451390083BC43 /* CZRect.cpp */; };
		2DCD5C241CF451390083BC43 /* CZSize.cpp in Sources */ = {isa = PBXBuildFile; fileRef = 2DCD5C191CF451390083BC43 /* CZSize.cpp */; };
		2DCD5C291CF451500083BC43 /* CZBrush.cpp in Sources */ = {isa = PBXBuildFile; fileRef = 2DCD5C251CF451500083BC43 /* CZBrush.cpp */; };
		2DCD5C2A1CF451500083BC43 /* CZBrushPreview.cpp in Sources */ = {isa = PBXBuildFile; fileRef = 2DCD5C271CF451500083BC43 /* CZBrushPreview.cpp */; };
		2DCD5C341CF451670083BC43 /* CZFbo.mm in Sources */ = {isa = PBXBuildFile; fileRef = 2DCD5C2C1CF451670083BC43 /* CZFbo.mm */; };
		2DCD5C351CF451670083BC43 /* CZGLContext.mm in Sources */ = {isa = PBXBuildFile; fileRef = 2DCD5C2E1CF451670083BC43 /* CZGLContext.mm */; };
		2DCD5C361CF451670083BC43 /* CZShader.cpp in Sources */ = {isa = PBXBuildFile; fileRef = 2DCD5C301CF451670083BC43 /* CZShader.cpp */; };
		2DCD5C371CF451670083BC43 /* CZTexture.cpp in Sources */ = {isa = PBXBuildFile; fileRef = 2DCD5C321CF451670083BC43 /* CZTexture.cpp */; };
		2DCD5C3C1CF4517B0083BC43 /* CZLayer.cpp in Sources */ = {isa = PBXBuildFile; fileRef = 2DCD5C381CF4517B0083BC43 /* CZLayer.cpp */; };
		2DCD5C3D1CF4517B0083BC43 /* CZPainting.cpp in Sources */ = {isa = PBXBuildFile; fileRef = 2DCD5C3A1CF4517B0083BC43 /* CZPainting.cpp */; };
		2DCD5C441CF4518F0083BC43 /* CZBezierNode.cpp in Sources */ = {isa = PBXBuildFile; fileRef = 2DCD5C3E1CF4518F0083BC43 /* CZBezierNode.cpp */; };
		2DCD5C451CF4518F0083BC43 /* CZBezierSegment.cpp in Sources */ = {isa = PBXBuildFile; fileRef = 2DCD5C401CF4518F0083BC43 /* CZBezierSegment.cpp */; };
		2DCD5C461CF4518F0083BC43 /* CZPath.cpp in Sources */ = {isa = PBXBuildFile; fileRef = 2DCD5C421CF4518F0083BC43 /* CZPath.cpp */; };
		2DCD5C4F1CF451A40083BC43 /* CZFileCoder.cpp in Sources */ = {isa = PBXBuildFile; fileRef = 2DCD5C4B1CF451A40083BC43 /* CZFileCoder.cpp */; };
		2DCD5C501CF451A40083BC43 /* CZTypedData.cpp in Sources */ = {isa = PBXBuildFile; fileRef = 2DCD5C4D1CF451A40083BC43 /* CZTypedData.cpp */; };
		2DCD5C591CF451B90083BC43 /* CZBristleGenerator.cpp in Sources */ = {isa = PBXBuildFile; fileRef = 2DCD5C511CF451B90083BC43 /* CZBristleGenerator.cpp */; };
		2DCD5C5A1CF451B90083BC43 /* CZRoundGenerator.cpp in Sources */ = {isa = PBXBuildFile; fileRef = 2DCD5C531CF451B90083BC43 /* CZRoundGenerator.cpp */; };
		2DCD5C5B1CF451B90083BC43 /* CZSpiralGenerator.cpp in Sources */ = {isa = PBXBuildFile; fileRef = 2DCD5C551CF451B90083BC43 /* CZSpiralGenerator.cpp */; };
		2DCD5C5C1CF451B90083BC43 /* CZStampGenerator.cpp in Sources */ = {isa = PBXBuildFile; fileRef = 2DCD5C571CF451B90083BC43 /* CZStampGenerator.cpp */; };
		2DCD5C641CF451CD0083BC43 /* CZEraserTool.cpp in Sources */ = {isa = PBXBuildFile; fileRef = 2DCD5C5D1CF451CD0083BC43 /* CZEraserTool.cpp */; };
		2DCD5C651CF451CD0083BC43 /* CZFreehandTool.cpp in Sources */ = {isa = PBXBuildFile; fileRef = 2DCD5C5F1CF451CD0083BC43 /* CZFreehandTool.cpp */; };
		2DCD5C661CF451CD0083BC43 /* CZTool.cpp in Sources */ = {isa = PBXBuildFile; fileRef = 2DCD5C621CF451CD0083BC43 /* CZTool.cpp */; };
		2DCD5C7B1CF452030083BC43 /* CZActiveState.cpp in Sources */ = {isa = PBXBuildFile; fileRef = 2DCD5C681CF452030083BC43 /* CZActiveState.cpp */; };
		2DCD5C7D1CF452030083BC43 /* CZCanvas.cpp in Sources */ = {isa = PBXBuildFile; fileRef = 2DCD5C6D1CF452030083BC43 /* CZCanvas.cpp */; };
		2DCD5C7E1CF452030083BC43 /* CZColorBalance.cpp in Sources */ = {isa = PBXBuildFile; fileRef = 2DCD5C6F1CF452030083BC43 /* CZColorBalance.cpp */; };
		2DCD5C7F1CF452030083BC43 /* CZFileManager.cpp in Sources */ = {isa = PBXBuildFile; fileRef = 2DCD5C721CF452030083BC43 /* CZFileManager.cpp */; };
		2DCD5C801CF452030083BC43 /* CZHueSaturation.cpp in Sources */ = {isa = PBXBuildFile; fileRef = 2DCD5C741CF452030083BC43 /* CZHueSaturation.cpp */; };
		2DCD5C811CF452030083BC43 /* CZNotificationCenter.cpp in Sources */ = {isa = PBXBuildFile; fileRef = 2DCD5C761CF452030083BC43 /* CZNotificationCenter.cpp */; };
		2DCD5C821CF452030083BC43 /* CZUtil.cpp in Sources */ = {isa = PBXBuildFile; fileRef = 2DCD5C791CF452030083BC43 /* CZUtil.cpp */; };
		60B1B8E31CF4647400C99E92 /* CanvasView.mm in Sources */ = {isa = PBXBuildFile; fileRef = 60B1B8D91CF4647400C99E92 /* CanvasView.mm */; };
		60B1B8E41CF4647400C99E92 /* CZViewImpl.mm in Sources */ = {isa = PBXBuildFile; fileRef = 60B1B8DB1CF4647400C99E92 /* CZViewImpl.mm */; };
		60B1B8E51CF4647400C99E92 /* HYBrushCore.mm in Sources */ = {isa = PBXBuildFile; fileRef = 60B1B8DD1CF4647400C99E92 /* HYBrushCore.mm */; };
		60B1B8E61CF4647400C99E92 /* Actions.m in Sources */ = {isa = PBXBuildFile; fileRef = 60B1B8E01CF4647400C99E92 /* Actions.m */; };
		60B1B8E71CF4647400C99E92 /* PaintingManager.mm in Sources */ = {isa = PBXBuildFile; fileRef = 60B1B8E21CF4647400C99E92 /* PaintingManager.mm */; };
		60B1B9BC1CF464FB00C99E92 /* Shaders.m in Sources */ = {isa = PBXBuildFile; fileRef = 60B1B96B1CF464FB00C99E92 /* Shaders.m */; };
		60B1B9BD1CF464FB00C99E92 /* UIView+Additions.m in Sources */ = {isa = PBXBuildFile; fileRef = 60B1B96D1CF464FB00C99E92 /* UIView+Additions.m */; };
		60B1B9BE1CF464FB00C99E92 /* WDColor.m in Sources */ = {isa = PBXBuildFile; fileRef = 60B1B96F1CF464FB00C99E92 /* WDColor.m */; };
		60B1B9BF1CF464FB00C99E92 /* WDColorComparator.m in Sources */ = {isa = PBXBuildFile; fileRef = 60B1B9711CF464FB00C99E92 /* WDColorComparator.m */; };
		60B1B9C01CF464FB00C99E92 /* WDColorIndicator.m in Sources */ = {isa = PBXBuildFile; fileRef = 60B1B9731CF464FB00C99E92 /* WDColorIndicator.m */; };
		60B1B9C11CF464FB00C99E92 /* WDColorPickerController.m in Sources */ = {isa = PBXBuildFile; fileRef = 60B1B9751CF464FB00C99E92 /* WDColorPickerController.m */; };
		60B1B9C21CF464FB00C99E92 /* WDColorSlider.m in Sources */ = {isa = PBXBuildFile; fileRef = 60B1B9771CF464FB00C99E92 /* WDColorSlider.m */; };
		60B1B9C31CF464FB00C99E92 /* WDColorSourceView.m in Sources */ = {isa = PBXBuildFile; fileRef = 60B1B9791CF464FB00C99E92 /* WDColorSourceView.m */; };
		60B1B9C41CF464FB00C99E92 /* WDColorSquare.m in Sources */ = {isa = PBXBuildFile; fileRef = 60B1B97B1CF464FB00C99E92 /* WDColorSquare.m */; };
		60B1B9C51CF464FB00C99E92 /* WDColorWell.m in Sources */ = {isa = PBXBuildFile; fileRef = 60B1B97D1CF464FB00C99E92 /* WDColorWell.m */; };
		60B1B9C61CF464FB00C99E92 /* WDColorWheel.m in Sources */ = {isa = PBXBuildFile; fileRef = 60B1B97F1CF464FB00C99E92 /* WDColorWheel.m */; };
		60B1B9C71CF464FB00C99E92 /* WDDragChip.m in Sources */ = {isa = PBXBuildFile; fileRef = 60B1B9811CF464FB00C99E92 /* WDDragChip.m */; };
		60B1B9C81CF464FB00C99E92 /* WDInsetView.m in Sources */ = {isa = PBXBuildFile; fileRef = 60B1B9831CF464FB00C99E92 /* WDInsetView.m */; };
		60B1B9C91CF464FB00C99E92 /* WDShader.m in Sources */ = {isa = PBXBuildFile; fileRef = 60B1B9851CF464FB00C99E92 /* WDShader.m */; };
		60B1B9CA1CF464FB00C99E92 /* WDSwatches.m in Sources */ = {isa = PBXBuildFile; fileRef = 60B1B9871CF464FB00C99E92 /* WDSwatches.m */; };
		60B1B9CB1CF464FB00C99E92 /* WDUtilities.m in Sources */ = {isa = PBXBuildFile; fileRef = 60B1B9891CF464FB00C99E92 /* WDUtilities.m */; };
		60B1B9CC1CF466DB00C99E92 /* WDColor.h in CopyFiles */ = {isa = PBXBuildFile; fileRef = 60B1B96E1CF464FB00C99E92 /* WDColor.h */; };
		60B1B9CD1CF466E300C99E92 /* HYBrushCore.h in CopyFiles */ = {isa = PBXBuildFile; fileRef = 60B1B8DC1CF4647400C99E92 /* HYBrushCore.h */; };
		60B1B9CE1CF466E800C99E92 /* CanvasView.h in CopyFiles */ = {isa = PBXBuildFile; fileRef = 60B1B8D81CF4647400C99E92 /* CanvasView.h */; };
		60B1B9CF1CF466F400C99E92 /* PaintingManager.h in CopyFiles */ = {isa = PBXBuildFile; fileRef = 60B1B8E11CF4647400C99E92 /* PaintingManager.h */; };
/* End PBXBuildFile section */

/* Begin PBXCopyFilesBuildPhase section */
		2D2BE5291A0C9196003724D4 /* CopyFiles */ = {
			isa = PBXCopyFilesBuildPhase;
			buildActionMask = 2147483647;
			dstPath = include;
			dstSubfolderSpec = 16;
			files = (
				60B1B9CF1CF466F400C99E92 /* PaintingManager.h in CopyFiles */,
				60B1B9CE1CF466E800C99E92 /* CanvasView.h in CopyFiles */,
				60B1B9CD1CF466E300C99E92 /* HYBrushCore.h in CopyFiles */,
				60B1B9CC1CF466DB00C99E92 /* WDColor.h in CopyFiles */,
			);
			runOnlyForDeploymentPostprocessing = 0;
		};
/* End PBXCopyFilesBuildPhase section */

/* Begin PBXFileReference section */
		2D2BE52B1A0C9196003724D4 /* libBrushesCore.a */ = {isa = PBXFileReference; explicitFileType = archive.ar; includeInIndex = 0; path = libBrushesCore.a; sourceTree = BUILT_PRODUCTS_DIR; };
		2D2BE52E1A0C9196003724D4 /* Foundation.framework */ = {isa = PBXFileReference; lastKnownFileType = wrapper.framework; name = Foundation.framework; path = System/Library/Frameworks/Foundation.framework; sourceTree = SDKROOT; };
		2D2BE5321A0C9196003724D4 /* BrushesCore-Prefix.pch */ = {isa = PBXFileReference; lastKnownFileType = sourcecode.c.h; path = "BrushesCore-Prefix.pch"; sourceTree = "<group>"; };
		2D2BE53C1A0C9196003724D4 /* XCTest.framework */ = {isa = PBXFileReference; lastKnownFileType = wrapper.framework; name = XCTest.framework; path = Library/Frameworks/XCTest.framework; sourceTree = DEVELOPER_DIR; };
		2D2BE53F1A0C9196003724D4 /* UIKit.framework */ = {isa = PBXFileReference; lastKnownFileType = wrapper.framework; name = UIKit.framework; path = Library/Frameworks/UIKit.framework; sourceTree = DEVELOPER_DIR; };
		2D2BE5461A0C9196003724D4 /* BrushesCoreTests-Info.plist */ = {isa = PBXFileReference; lastKnownFileType = text.plist.xml; path = "BrushesCoreTests-Info.plist"; sourceTree = "<group>"; };
		2D2BE5481A0C9196003724D4 /* en */ = {isa = PBXFileReference; lastKnownFileType = text.plist.strings; name = en; path = en.lproj/InfoPlist.strings; sourceTree = "<group>"; };
		2D4F33701AE3FAA10067D7A6 /* UIKit.framework */ = {isa = PBXFileReference; lastKnownFileType = wrapper.framework; name = UIKit.framework; path = System/Library/Frameworks/UIKit.framework; sourceTree = SDKROOT; };
		2DCD5C071CF451390083BC43 /* CZ2DPoint.cpp */ = {isa = PBXFileReference; fileEncoding = 4; lastKnownFileType = sourcecode.cpp.cpp; name = CZ2DPoint.cpp; path = ../src/basic/CZ2DPoint.cpp; sourceTree = "<group>"; };
		2DCD5C081CF451390083BC43 /* CZ2DPoint.h */ = {isa = PBXFileReference; fileEncoding = 4; lastKnownFileType = sourcecode.c.h; name = CZ2DPoint.h; path = ../src/basic/CZ2DPoint.h; sourceTree = "<group>"; };
		2DCD5C091CF451390083BC43 /* CZ3DPoint.cpp */ = {isa = PBXFileReference; fileEncoding = 4; lastKnownFileType = sourcecode.cpp.cpp; name = CZ3DPoint.cpp; path = ../src/basic/CZ3DPoint.cpp; sourceTree = "<group>"; };
		2DCD5C0A1CF451390083BC43 /* CZ3DPoint.h */ = {isa = PBXFileReference; fileEncoding = 4; lastKnownFileType = sourcecode.c.h; name = CZ3DPoint.h; path = ../src/basic/CZ3DPoint.h; sourceTree = "<group>"; };
		2DCD5C0B1CF451390083BC43 /* CZAffineTransform.cpp */ = {isa = PBXFileReference; fileEncoding = 4; lastKnownFileType = sourcecode.cpp.cpp; name = CZAffineTransform.cpp; path = ../src/basic/CZAffineTransform.cpp; sourceTree = "<group>"; };
		2DCD5C0C1CF451390083BC43 /* CZAffineTransform.h */ = {isa = PBXFileReference; fileEncoding = 4; lastKnownFileType = sourcecode.c.h; name = CZAffineTransform.h; path = ../src/basic/CZAffineTransform.h; sourceTree = "<group>"; };
		2DCD5C0D1CF451390083BC43 /* CZColor.cpp */ = {isa = PBXFileReference; fileEncoding = 4; lastKnownFileType = sourcecode.cpp.cpp; name = CZColor.cpp; path = ../src/basic/CZColor.cpp; sourceTree = "<group>"; };
		2DCD5C0E1CF451390083BC43 /* CZColor.h */ = {isa = PBXFileReference; fileEncoding = 4; lastKnownFileType = sourcecode.c.h; name = CZColor.h; path = ../src/basic/CZColor.h; sourceTree = "<group>"; };
		2DCD5C0F1CF451390083BC43 /* CZImage.cpp */ = {isa = PBXFileReference; fileEncoding = 4; lastKnownFileType = sourcecode.cpp.cpp; name = CZImage.cpp; path = ../src/basic/CZImage.cpp; sourceTree = "<group>"; };
		2DCD5C101CF451390083BC43 /* CZImage.h */ = {isa = PBXFileReference; fileEncoding = 4; lastKnownFileType = sourcecode.c.h; name = CZImage.h; path = ../src/basic/CZImage.h; sourceTree = "<group>"; };
		2DCD5C111CF451390083BC43 /* CZMat4.cpp */ = {isa = PBXFileReference; fileEncoding = 4; lastKnownFileType = sourcecode.cpp.cpp; name = CZMat4.cpp; path = ../src/basic/CZMat4.cpp; sourceTree = "<group>"; };
		2DCD5C121CF451390083BC43 /* CZMat4.h */ = {isa = PBXFileReference; fileEncoding = 4; lastKnownFileType = sourcecode.c.h; name = CZMat4.h; path = ../src/basic/CZMat4.h; sourceTree = "<group>"; };
		2DCD5C131CF451390083BC43 /* CZProperty.cpp */ = {isa = PBXFileReference; fileEncoding = 4; lastKnownFileType = sourcecode.cpp.cpp; name = CZProperty.cpp; path = ../src/basic/CZProperty.cpp; sourceTree = "<group>"; };
		2DCD5C141CF451390083BC43 /* CZProperty.h */ = {isa = PBXFileReference; fileEncoding = 4; lastKnownFileType = sourcecode.c.h; name = CZProperty.h; path = ../src/basic/CZProperty.h; sourceTree = "<group>"; };
		2DCD5C151CF451390083BC43 /* CZRandom.cpp */ = {isa = PBXFileReference; fileEncoding = 4; lastKnownFileType = sourcecode.cpp.cpp; name = CZRandom.cpp; path = ../src/basic/CZRandom.cpp; sourceTree = "<group>"; };
		2DCD5C161CF451390083BC43 /* CZRandom.h */ = {isa = PBXFileReference; fileEncoding = 4; lastKnownFileType = sourcecode.c.h; name = CZRandom.h; path = ../src/basic/CZRandom.h; sourceTree = "<group>"; };
		2DCD5C171CF451390083BC43 /* CZRect.cpp */ = {isa = PBXFileReference; fileEncoding = 4; lastKnownFileType = sourcecode.cpp.cpp; name = CZRect.cpp; path = ../src/basic/CZRect.cpp; sourceTree = "<group>"; };
		2DCD5C181CF451390083BC43 /* CZRect.h */ = {isa = PBXFileReference; fileEncoding = 4; lastKnownFileType = sourcecode.c.h; name = CZRect.h; path = ../src/basic/CZRect.h; sourceTree = "<group>"; };
		2DCD5C191CF451390083BC43 /* CZSize.cpp */ = {isa = PBXFileReference; fileEncoding = 4; lastKnownFileType = sourcecode.cpp.cpp; name = CZSize.cpp; path = ../src/basic/CZSize.cpp; sourceTree = "<group>"; };
		2DCD5C1A1CF451390083BC43 /* CZSize.h */ = {isa = PBXFileReference; fileEncoding = 4; lastKnownFileType = sourcecode.c.h; name = CZSize.h; path = ../src/basic/CZSize.h; sourceTree = "<group>"; };
		2DCD5C251CF451500083BC43 /* CZBrush.cpp */ = {isa = PBXFileReference; fileEncoding = 4; lastKnownFileType = sourcecode.cpp.cpp; name = CZBrush.cpp; path = ../src/brush/CZBrush.cpp; sourceTree = "<group>"; };
		2DCD5C261CF451500083BC43 /* CZBrush.h */ = {isa = PBXFileReference; fileEncoding = 4; lastKnownFileType = sourcecode.c.h; name = CZBrush.h; path = ../src/brush/CZBrush.h; sourceTree = "<group>"; };
		2DCD5C271CF451500083BC43 /* CZBrushPreview.cpp */ = {isa = PBXFileReference; fileEncoding = 4; lastKnownFileType = sourcecode.cpp.cpp; name = CZBrushPreview.cpp; path = ../src/brush/CZBrushPreview.cpp; sourceTree = "<group>"; };
		2DCD5C281CF451500083BC43 /* CZBrushPreview.h */ = {isa = PBXFileReference; fileEncoding = 4; lastKnownFileType = sourcecode.c.h; name = CZBrushPreview.h; path = ../src/brush/CZBrushPreview.h; sourceTree = "<group>"; };
		2DCD5C2B1CF451670083BC43 /* CZFbo.h */ = {isa = PBXFileReference; fileEncoding = 4; lastKnownFileType = sourcecode.c.h; name = CZFbo.h; path = ../src/graphic/CZFbo.h; sourceTree = "<group>"; };
		2DCD5C2C1CF451670083BC43 /* CZFbo.mm */ = {isa = PBXFileReference; fileEncoding = 4; lastKnownFileType = sourcecode.cpp.objcpp; name = CZFbo.mm; path = ../src/graphic/CZFbo.mm; sourceTree = "<group>"; };
		2DCD5C2D1CF451670083BC43 /* CZGLContext.h */ = {isa = PBXFileReference; fileEncoding = 4; lastKnownFileType = sourcecode.c.h; name = CZGLContext.h; path = ../src/graphic/CZGLContext.h; sourceTree = "<group>"; };
		2DCD5C2E1CF451670083BC43 /* CZGLContext.mm */ = {isa = PBXFileReference; fileEncoding = 4; lastKnownFileType = sourcecode.cpp.objcpp; name = CZGLContext.mm; path = ../src/graphic/CZGLContext.mm; sourceTree = "<group>"; };
		2DCD5C2F1CF451670083BC43 /* CZGLdef.h */ = {isa = PBXFileReference; fileEncoding = 4; lastKnownFileType = sourcecode.c.h; name = CZGLdef.h; path = ../src/graphic/CZGLdef.h; sourceTree = "<group>"; };
		2DCD5C301CF451670083BC43 /* CZShader.cpp */ = {isa = PBXFileReference; fileEncoding = 4; lastKnownFileType = sourcecode.cpp.cpp; name = CZShader.cpp; path = ../src/graphic/CZShader.cpp; sourceTree = "<group>"; };
		2DCD5C311CF451670083BC43 /* CZShader.h */ = {isa = PBXFileReference; fileEncoding = 4; lastKnownFileType = sourcecode.c.h; name = CZShader.h; path = ../src/graphic/CZShader.h; sourceTree = "<group>"; };
		2DCD5C321CF451670083BC43 /* CZTexture.cpp */ = {isa = PBXFileReference; fileEncoding = 4; lastKnownFileType = sourcecode.cpp.cpp; name = CZTexture.cpp; path = ../src/graphic/CZTexture.cpp; sourceTree = "<group>"; };
		2DCD5C331CF451670083BC43 /* CZTexture.h */ = {isa = PBXFileReference; fileEncoding = 4; lastKnownFileType = sourcecode.c.h; name = CZTexture.h; path = ../src/graphic/CZTexture.h; sourceTree = "<group>"; };
		2DCD5C381CF4517B0083BC43 /* CZLayer.cpp */ = {isa = PBXFileReference; fileEncoding = 4; lastKnownFileType = sourcecode.cpp.cpp; name = CZLayer.cpp; path = ../src/painting/CZLayer.cpp; sourceTree = "<group>"; };
		2DCD5C391CF4517B0083BC43 /* CZLayer.h */ = {isa = PBXFileReference; fileEncoding = 4; lastKnownFileType = sourcecode.c.h; name = CZLayer.h; path = ../src/painting/CZLayer.h; sourceTree = "<group>"; };
		2DCD5C3A1CF4517B0083BC43 /* CZPainting.cpp */ = {isa = PBXFileReference; fileEncoding = 4; lastKnownFileType = sourcecode.cpp.cpp; name = CZPainting.cpp; path = ../src/painting/CZPainting.cpp; sourceTree = "<group>"; };
		2DCD5C3B1CF4517B0083BC43 /* CZPainting.h */ = {isa = PBXFileReference; fileEncoding = 4; lastKnownFileType = sourcecode.c.h; name = CZPainting.h; path = ../src/painting/CZPainting.h; sourceTree = "<group>"; };
		2DCD5C3E1CF4518F0083BC43 /* CZBezierNode.cpp */ = {isa = PBXFileReference; fileEncoding = 4; lastKnownFileType = sourcecode.cpp.cpp; name = CZBezierNode.cpp; path = ../src/path/CZBezierNode.cpp; sourceTree = "<group>"; };
		2DCD5C3F1CF4518F0083BC43 /* CZBezierNode.h */ = {isa = PBXFileReference; fileEncoding = 4; lastKnownFileType = sourcecode.c.h; name = CZBezierNode.h; path = ../src/path/CZBezierNode.h; sourceTree = "<group>"; };
		2DCD5C401CF4518F0083BC43 /* CZBezierSegment.cpp */ = {isa = PBXFileReference; fileEncoding = 4; lastKnownFileType = sourcecode.cpp.cpp; name = CZBezierSegment.cpp; path = ../src/path/CZBezierSegment.cpp; sourceTree = "<group>"; };
		2DCD5C411CF4518F0083BC43 /* CZBezierSegment.h */ = {isa = PBXFileReference; fileEncoding = 4; lastKnownFileType = sourcecode.c.h; name = CZBezierSegment.h; path = ../src/path/CZBezierSegment.h; sourceTree = "<group>"; };
		2DCD5C421CF4518F0083BC43 /* CZPath.cpp */ = {isa = PBXFileReference; fileEncoding = 4; lastKnownFileType = sourcecode.cpp.cpp; name = CZPath.cpp; path = ../src/path/CZPath.cpp; sourceTree = "<group>"; };
		2DCD5C431CF4518F0083BC43 /* CZPath.h */ = {isa = PBXFileReference; fileEncoding = 4; lastKnownFileType = sourcecode.c.h; name = CZPath.h; path = ../src/path/CZPath.h; sourceTree = "<group>"; };
		2DCD5C471CF451A40083BC43 /* CZCoder.h */ = {isa = PBXFileReference; fileEncoding = 4; lastKnownFileType = sourcecode.c.h; name = CZCoder.h; path = ../src/serialization/CZCoder.h; sourceTree = "<group>"; };
		2DCD5C481CF451A40083BC43 /* CZCoding.h */ = {isa = PBXFileReference; fileEncoding = 4; lastKnownFileType = sourcecode.c.h; name = CZCoding.h; path = ../src/serialization/CZCoding.h; sourceTree = "<group>"; };
		2DCD5C491CF451A40083BC43 /* CZDataProvider.h */ = {isa = PBXFileReference; fileEncoding = 4; lastKnownFileType = sourcecode.c.h; name = CZDataProvider.h; path = ../src/serialization/CZDataProvider.h; sourceTree = "<group>"; };
		2DCD5C4A1CF451A40083BC43 /* CZDecoder.h */ = {isa = PBXFileReference; fileEncoding = 4; lastKnownFileType = sourcecode.c.h; name = CZDecoder.h; path = ../src/serialization/CZDecoder.h; sourceTree = "<group>"; };
		2DCD5C4B1CF451A40083BC43 /* CZFileCoder.cpp */ = {isa = PBXFileReference; fileEncoding = 4; lastKnownFileType = sourcecode.cpp.cpp; name = CZFileCoder.cpp; path = ../src/serialization/CZFileCoder.cpp; sourceTree = "<group>"; };
		2DCD5C4C1CF451A40083BC43 /* CZFileCoder.h */ = {isa = PBXFileReference; fileEncoding = 4; lastKnownFileType = sourcecode.c.h; name = CZFileCoder.h; path = ../src/serialization/CZFileCoder.h; sourceTree = "<group>"; };
		2DCD5C4D1CF451A40083BC43 /* CZTypedData.cpp */ = {isa = PBXFileReference; fileEncoding = 4; lastKnownFileType = sourcecode.cpp.cpp; name = CZTypedData.cpp; path = ../src/serialization/CZTypedData.cpp; sourceTree = "<group>"; };
		2DCD5C4E1CF451A40083BC43 /* CZTypedData.h */ = {isa = PBXFileReference; fileEncoding = 4; lastKnownFileType = sourcecode.c.h; name = CZTypedData.h; path = ../src/serialization/CZTypedData.h; sourceTree = "<group>"; };
		2DCD5C511CF451B90083BC43 /* CZBristleGenerator.cpp */ = {isa = PBXFileReference; fileEncoding = 4; lastKnownFileType = sourcecode.cpp.cpp; name = CZBristleGenerator.cpp; path = ../src/stamp/CZBristleGenerator.cpp; sourceTree = "<group>"; };
		2DCD5C521CF451B90083BC43 /* CZBristleGenerator.h */ = {isa = PBXFileReference; fileEncoding = 4; lastKnownFileType = sourcecode.c.h; name = CZBristleGenerator.h; path = ../src/stamp/CZBristleGenerator.h; sourceTree = "<group>"; };
		2DCD5C531CF451B90083BC43 /* CZRoundGenerator.cpp */ = {isa = PBXFileReference; fileEncoding = 4; lastKnownFileType = sourcecode.cpp.cpp; name = CZRoundGenerator.cpp; path = ../src/stamp/CZRoundGenerator.cpp; sourceTree = "<group>"; };
		2DCD5C541CF451B90083BC43 /* CZRoundGenerator.h */ = {isa = PBXFileReference; fileEncoding = 4; lastKnownFileType = sourcecode.c.h; name = CZRoundGenerator.h; path = ../src/stamp/CZRoundGenerator.h; sourceTree = "<group>"; };
		2DCD5C551CF451B90083BC43 /* CZSpiralGenerator.cpp */ = {isa = PBXFileReference; fileEncoding = 4; lastKnownFileType = sourcecode.cpp.cpp; name = CZSpiralGenerator.cpp; path = ../src/stamp/CZSpiralGenerator.cpp; sourceTree = "<group>"; };
		2DCD5C561CF451B90083BC43 /* CZSpiralGenerator.h */ = {isa = PBXFileReference; fileEncoding = 4; lastKnownFileType = sourcecode.c.h; name = CZSpiralGenerator.h; path = ../src/stamp/CZSpiralGenerator.h; sourceTree = "<group>"; };
		2DCD5C571CF451B90083BC43 /* CZStampGenerator.cpp */ = {isa = PBXFileReference; fileEncoding = 4; lastKnownFileType = sourcecode.cpp.cpp; name = CZStampGenerator.cpp; path = ../src/stamp/CZStampGenerator.cpp; sourceTree = "<group>"; };
		2DCD5C581CF451B90083BC43 /* CZStampGenerator.h */ = {isa = PBXFileReference; fileEncoding = 4; lastKnownFileType = sourcecode.c.h; name = CZStampGenerator.h; path = ../src/stamp/CZStampGenerator.h; sourceTree = "<group>"; };
		2DCD5C5D1CF451CD0083BC43 /* CZEraserTool.cpp */ = {isa = PBXFileReference; fileEncoding = 4; lastKnownFileType = sourcecode.cpp.cpp; name = CZEraserTool.cpp; path = ../src/tool/CZEraserTool.cpp; sourceTree = "<group>"; };
		2DCD5C5E1CF451CD0083BC43 /* CZEraserTool.h */ = {isa = PBXFileReference; fileEncoding = 4; lastKnownFileType = sourcecode.c.h; name = CZEraserTool.h; path = ../src/tool/CZEraserTool.h; sourceTree = "<group>"; };
		2DCD5C5F1CF451CD0083BC43 /* CZFreehandTool.cpp */ = {isa = PBXFileReference; fileEncoding = 4; lastKnownFileType = sourcecode.cpp.cpp; name = CZFreehandTool.cpp; path = ../src/tool/CZFreehandTool.cpp; sourceTree = "<group>"; };
		2DCD5C601CF451CD0083BC43 /* CZFreehandTool.h */ = {isa = PBXFileReference; fileEncoding = 4; lastKnownFileType = sourcecode.c.h; name = CZFreehandTool.h; path = ../src/tool/CZFreehandTool.h; sourceTree = "<group>"; };
		2DCD5C611CF451CD0083BC43 /* CZLog.h */ = {isa = PBXFileReference; fileEncoding = 4; lastKnownFileType = sourcecode.c.h; name = CZLog.h; path = ../src/tool/CZLog.h; sourceTree = "<group>"; };
		2DCD5C621CF451CD0083BC43 /* CZTool.cpp */ = {isa = PBXFileReference; fileEncoding = 4; lastKnownFileType = sourcecode.cpp.cpp; name = CZTool.cpp; path = ../src/tool/CZTool.cpp; sourceTree = "<group>"; };
		2DCD5C631CF451CD0083BC43 /* CZTool.h */ = {isa = PBXFileReference; fileEncoding = 4; lastKnownFileType = sourcecode.c.h; name = CZTool.h; path = ../src/tool/CZTool.h; sourceTree = "<group>"; };
		2DCD5C671CF452030083BC43 /* BrushesCore.h */ = {isa = PBXFileReference; fileEncoding = 4; lastKnownFileType = sourcecode.c.h; name = BrushesCore.h; path = ../../../core/src/BrushesCore.h; sourceTree = "<group>"; };
		2DCD5C681CF452030083BC43 /* CZActiveState.cpp */ = {isa = PBXFileReference; fileEncoding = 4; lastKnownFileType = sourcecode.cpp.cpp; name = CZActiveState.cpp; path = ../../../core/src/CZActiveState.cpp; sourceTree = "<group>"; };
		2DCD5C691CF452030083BC43 /* CZActiveState.h */ = {isa = PBXFileReference; fileEncoding = 4; lastKnownFileType = sourcecode.c.h; name = CZActiveState.h; path = ../../../core/src/CZActiveState.h; sourceTree = "<group>"; };
		2DCD5C6A1CF452030083BC43 /* CZBrushCell.h */ = {isa = PBXFileReference; fileEncoding = 4; lastKnownFileType = sourcecode.c.h; name = CZBrushCell.h; path = ../../../core/src/CZBrushCell.h; sourceTree = "<group>"; };
		2DCD5C6B1CF452030083BC43 /* CZBrushController.h */ = {isa = PBXFileReference; fileEncoding = 4; lastKnownFileType = sourcecode.c.h; name = CZBrushController.h; path = ../../../core/src/CZBrushController.h; sourceTree = "<group>"; };
		2DCD5C6D1CF452030083BC43 /* CZCanvas.cpp */ = {isa = PBXFileReference; fileEncoding = 4; lastKnownFileType = sourcecode.cpp.cpp; name = CZCanvas.cpp; path = ../../../core/src/CZCanvas.cpp; sourceTree = "<group>"; };
		2DCD5C6E1CF452030083BC43 /* CZCanvas.h */ = {isa = PBXFileReference; fileEncoding = 4; lastKnownFileType = sourcecode.c.h; name = CZCanvas.h; path = ../../../core/src/CZCanvas.h; sourceTree = "<group>"; };
		2DCD5C6F1CF452030083BC43 /* CZColorBalance.cpp */ = {isa = PBXFileReference; fileEncoding = 4; lastKnownFileType = sourcecode.cpp.cpp; name = CZColorBalance.cpp; path = ../../../core/src/CZColorBalance.cpp; sourceTree = "<group>"; };
		2DCD5C701CF452030083BC43 /* CZColorBalance.h */ = {isa = PBXFileReference; fileEncoding = 4; lastKnownFileType = sourcecode.c.h; name = CZColorBalance.h; path = ../../../core/src/CZColorBalance.h; sourceTree = "<group>"; };
		2DCD5C711CF452030083BC43 /* CZDefine.h */ = {isa = PBXFileReference; fileEncoding = 4; lastKnownFileType = sourcecode.c.h; name = CZDefine.h; path = ../../../core/src/CZDefine.h; sourceTree = "<group>"; };
		2DCD5C721CF452030083BC43 /* CZFileManager.cpp */ = {isa = PBXFileReference; fileEncoding = 4; lastKnownFileType = sourcecode.cpp.cpp; name = CZFileManager.cpp; path = ../../../core/src/CZFileManager.cpp; sourceTree = "<group>"; };
		2DCD5C731CF452030083BC43 /* CZFileManager.h */ = {isa = PBXFileReference; fileEncoding = 4; lastKnownFileType = sourcecode.c.h; name = CZFileManager.h; path = ../../../core/src/CZFileManager.h; sourceTree = "<group>"; };
		2DCD5C741CF452030083BC43 /* CZHueSaturation.cpp */ = {isa = PBXFileReference; fileEncoding = 4; lastKnownFileType = sourcecode.cpp.cpp; name = CZHueSaturation.cpp; path = ../../../core/src/CZHueSaturation.cpp; sourceTree = "<group>"; };
		2DCD5C751CF452030083BC43 /* CZHueSaturation.h */ = {isa = PBXFileReference; fileEncoding = 4; lastKnownFileType = sourcecode.c.h; name = CZHueSaturation.h; path = ../../../core/src/CZHueSaturation.h; sourceTree = "<group>"; };
		2DCD5C761CF452030083BC43 /* CZNotificationCenter.cpp */ = {isa = PBXFileReference; fileEncoding = 4; lastKnownFileType = sourcecode.cpp.cpp; name = CZNotificationCenter.cpp; path = ../../../core/src/CZNotificationCenter.cpp; sourceTree = "<group>"; };
		2DCD5C771CF452030083BC43 /* CZNotificationCenter.h */ = {isa = PBXFileReference; fileEncoding = 4; lastKnownFileType = sourcecode.c.h; name = CZNotificationCenter.h; path = ../../../core/src/CZNotificationCenter.h; sourceTree = "<group>"; };
		2DCD5C781CF452030083BC43 /* CZUndoManager.h */ = {isa = PBXFileReference; fileEncoding = 4; lastKnownFileType = sourcecode.c.h; name = CZUndoManager.h; path = ../../../core/src/CZUndoManager.h; sourceTree = "<group>"; };
		2DCD5C791CF452030083BC43 /* CZUtil.cpp */ = {isa = PBXFileReference; fileEncoding = 4; lastKnownFileType = sourcecode.cpp.cpp; name = CZUtil.cpp; path = ../../../core/src/CZUtil.cpp; sourceTree = "<group>"; };
		2DCD5C7A1CF452030083BC43 /* CZUtil.h */ = {isa = PBXFileReference; fileEncoding = 4; lastKnownFileType = sourcecode.c.h; name = CZUtil.h; path = ../../../core/src/CZUtil.h; sourceTree = "<group>"; };
		60B1B8D81CF4647400C99E92 /* CanvasView.h */ = {isa = PBXFileReference; fileEncoding = 4; lastKnownFileType = sourcecode.c.h; path = CanvasView.h; sourceTree = "<group>"; };
		60B1B8D91CF4647400C99E92 /* CanvasView.mm */ = {isa = PBXFileReference; fileEncoding = 4; lastKnownFileType = sourcecode.cpp.objcpp; path = CanvasView.mm; sourceTree = "<group>"; };
		60B1B8DA1CF4647400C99E92 /* CZViewImpl.h */ = {isa = PBXFileReference; fileEncoding = 4; lastKnownFileType = sourcecode.c.h; path = CZViewImpl.h; sourceTree = "<group>"; };
		60B1B8DB1CF4647400C99E92 /* CZViewImpl.mm */ = {isa = PBXFileReference; fileEncoding = 4; lastKnownFileType = sourcecode.cpp.objcpp; path = CZViewImpl.mm; sourceTree = "<group>"; };
		60B1B8DC1CF4647400C99E92 /* HYBrushCore.h */ = {isa = PBXFileReference; fileEncoding = 4; lastKnownFileType = sourcecode.c.h; path = HYBrushCore.h; sourceTree = "<group>"; };
		60B1B8DD1CF4647400C99E92 /* HYBrushCore.mm */ = {isa = PBXFileReference; fileEncoding = 4; lastKnownFileType = sourcecode.cpp.objcpp; path = HYBrushCore.mm; sourceTree = "<group>"; };
		60B1B8DF1CF4647400C99E92 /* Actions.h */ = {isa = PBXFileReference; fileEncoding = 4; lastKnownFileType = sourcecode.c.h; path = Actions.h; sourceTree = "<group>"; };
		60B1B8E01CF4647400C99E92 /* Actions.m */ = {isa = PBXFileReference; fileEncoding = 4; lastKnownFileType = sourcecode.c.objc; path = Actions.m; sourceTree = "<group>"; };
		60B1B8E11CF4647400C99E92 /* PaintingManager.h */ = {isa = PBXFileReference; fileEncoding = 4; lastKnownFileType = sourcecode.c.h; path = PaintingManager.h; sourceTree = "<group>"; };
		60B1B8E21CF4647400C99E92 /* PaintingManager.mm */ = {isa = PBXFileReference; fileEncoding = 4; lastKnownFileType = sourcecode.cpp.objcpp; path = PaintingManager.mm; sourceTree = "<group>"; };
		60B1B8E91CF464FB00C99E92 /* blit.vsh */ = {isa = PBXFileReference; fileEncoding = 4; lastKnownFileType = sourcecode.glsl; path = blit.vsh; sourceTree = "<group>"; };
		60B1B8EA1CF464FB00C99E92 /* colorPicker.fsh */ = {isa = PBXFileReference; fileEncoding = 4; lastKnownFileType = sourcecode.glsl; path = colorPicker.fsh; sourceTree = "<group>"; };
		60B1B8EB1CF464FB00C99E92 /* ColorPicker.xib */ = {isa = PBXFileReference; fileEncoding = 4; lastKnownFileType = file.xib; path = ColorPicker.xib; sourceTree = "<group>"; };
		60B1B96A1CF464FB00C99E92 /* Shaders.h */ = {isa = PBXFileReference; fileEncoding = 4; lastKnownFileType = sourcecode.c.h; path = Shaders.h; sourceTree = "<group>"; };
		60B1B96B1CF464FB00C99E92 /* Shaders.m */ = {isa = PBXFileReference; fileEncoding = 4; lastKnownFileType = sourcecode.c.objc; path = Shaders.m; sourceTree = "<group>"; };
		60B1B96C1CF464FB00C99E92 /* UIView+Additions.h */ = {isa = PBXFileReference; fileEncoding = 4; lastKnownFileType = sourcecode.c.h; path = "UIView+Additions.h"; sourceTree = "<group>"; };
		60B1B96D1CF464FB00C99E92 /* UIView+Additions.m */ = {isa = PBXFileReference; fileEncoding = 4; lastKnownFileType = sourcecode.c.objc; path = "UIView+Additions.m"; sourceTree = "<group>"; };
		60B1B96E1CF464FB00C99E92 /* WDColor.h */ = {isa = PBXFileReference; fileEncoding = 4; lastKnownFileType = sourcecode.c.h; path = WDColor.h; sourceTree = "<group>"; };
		60B1B96F1CF464FB00C99E92 /* WDColor.m */ = {isa = PBXFileReference; fileEncoding = 4; lastKnownFileType = sourcecode.c.objc; path = WDColor.m; sourceTree = "<group>"; };
		60B1B9701CF464FB00C99E92 /* WDColorComparator.h */ = {isa = PBXFileReference; fileEncoding = 4; lastKnownFileType = sourcecode.c.h; path = WDColorComparator.h; sourceTree = "<group>"; };
		60B1B9711CF464FB00C99E92 /* WDColorComparator.m */ = {isa = PBXFileReference; fileEncoding = 4; lastKnownFileType = sourcecode.c.objc; path = WDColorComparator.m; sourceTree = "<group>"; };
		60B1B9721CF464FB00C99E92 /* WDColorIndicator.h */ = {isa = PBXFileReference; fileEncoding = 4; lastKnownFileType = sourcecode.c.h; path = WDColorIndicator.h; sourceTree = "<group>"; };
		60B1B9731CF464FB00C99E92 /* WDColorIndicator.m */ = {isa = PBXFileReference; fileEncoding = 4; lastKnownFileType = sourcecode.c.objc; path = WDColorIndicator.m; sourceTree = "<group>"; };
		60B1B9741CF464FB00C99E92 /* WDColorPickerController.h */ = {isa = PBXFileReference; fileEncoding = 4; lastKnownFileType = sourcecode.c.h; path = WDColorPickerController.h; sourceTree = "<group>"; };
		60B1B9751CF464FB00C99E92 /* WDColorPickerController.m */ = {isa = PBXFileReference; fileEncoding = 4; lastKnownFileType = sourcecode.c.objc; path = WDColorPickerController.m; sourceTree = "<group>"; };
		60B1B9761CF464FB00C99E92 /* WDColorSlider.h */ = {isa = PBXFileReference; fileEncoding = 4; lastKnownFileType = sourcecode.c.h; path = WDColorSlider.h; sourceTree = "<group>"; };
		60B1B9771CF464FB00C99E92 /* WDColorSlider.m */ = {isa = PBXFileReference; fileEncoding = 4; lastKnownFileType = sourcecode.c.objc; path = WDColorSlider.m; sourceTree = "<group>"; };
		60B1B9781CF464FB00C99E92 /* WDColorSourceView.h */ = {isa = PBXFileReference; fileEncoding = 4; lastKnownFileType = sourcecode.c.h; path = WDColorSourceView.h; sourceTree = "<group>"; };
		60B1B9791CF464FB00C99E92 /* WDColorSourceView.m */ = {isa = PBXFileReference; fileEncoding = 4; lastKnownFileType = sourcecode.c.objc; path = WDColorSourceView.m; sourceTree = "<group>"; };
		60B1B97A1CF464FB00C99E92 /* WDColorSquare.h */ = {isa = PBXFileReference; fileEncoding = 4; lastKnownFileType = sourcecode.c.h; path = WDColorSquare.h; sourceTree = "<group>"; };
		60B1B97B1CF464FB00C99E92 /* WDColorSquare.m */ = {isa = PBXFileReference; fileEncoding = 4; lastKnownFileType = sourcecode.c.objc; path = WDColorSquare.m; sourceTree = "<group>"; };
		60B1B97C1CF464FB00C99E92 /* WDColorWell.h */ = {isa = PBXFileReference; fileEncoding = 4; lastKnownFileType = sourcecode.c.h; path = WDColorWell.h; sourceTree = "<group>"; };
		60B1B97D1CF464FB00C99E92 /* WDColorWell.m */ = {isa = PBXFileReference; fileEncoding = 4; lastKnownFileType = sourcecode.c.objc; path = WDColorWell.m; sourceTree = "<group>"; };
		60B1B97E1CF464FB00C99E92 /* WDColorWheel.h */ = {isa = PBXFileReference; fileEncoding = 4; lastKnownFileType = sourcecode.c.h; path = WDColorWheel.h; sourceTree = "<group>"; };
		60B1B97F1CF464FB00C99E92 /* WDColorWheel.m */ = {isa = PBXFileReference; fileEncoding = 4; lastKnownFileType = sourcecode.c.objc; path = WDColorWheel.m; sourceTree = "<group>"; };
		60B1B9801CF464FB00C99E92 /* WDDragChip.h */ = {isa = PBXFileReference; fileEncoding = 4; lastKnownFileType = sourcecode.c.h; path = WDDragChip.h; sourceTree = "<group>"; };
		60B1B9811CF464FB00C99E92 /* WDDragChip.m */ = {isa = PBXFileReference; fileEncoding = 4; lastKnownFileType = sourcecode.c.objc; path = WDDragChip.m; sourceTree = "<group>"; };
		60B1B9821CF464FB00C99E92 /* WDInsetView.h */ = {isa = PBXFileReference; fileEncoding = 4; lastKnownFileType = sourcecode.c.h; path = WDInsetView.h; sourceTree = "<group>"; };
		60B1B9831CF464FB00C99E92 /* WDInsetView.m */ = {isa = PBXFileReference; fileEncoding = 4; lastKnownFileType = sourcecode.c.objc; path = WDInsetView.m; sourceTree = "<group>"; };
		60B1B9841CF464FB00C99E92 /* WDShader.h */ = {isa = PBXFileReference; fileEncoding = 4; lastKnownFileType = sourcecode.c.h; path = WDShader.h; sourceTree = "<group>"; };
		60B1B9851CF464FB00C99E92 /* WDShader.m */ = {isa = PBXFileReference; fileEncoding = 4; lastKnownFileType = sourcecode.c.objc; path = WDShader.m; sourceTree = "<group>"; };
		60B1B9861CF464FB00C99E92 /* WDSwatches.h */ = {isa = PBXFileReference; fileEncoding = 4; lastKnownFileType = sourcecode.c.h; path = WDSwatches.h; sourceTree = "<group>"; };
		60B1B9871CF464FB00C99E92 /* WDSwatches.m */ = {isa = PBXFileReference; fileEncoding = 4; lastKnownFileType = sourcecode.c.objc; path = WDSwatches.m; sourceTree = "<group>"; };
		60B1B9881CF464FB00C99E92 /* WDUtilities.h */ = {isa = PBXFileReference; fileEncoding = 4; lastKnownFileType = sourcecode.c.h; path = WDUtilities.h; sourceTree = "<group>"; };
		60B1B9891CF464FB00C99E92 /* WDUtilities.m */ = {isa = PBXFileReference; fileEncoding = 4; lastKnownFileType = sourcecode.c.objc; path = WDUtilities.m; sourceTree = "<group>"; };
/* End PBXFileReference section */

/* Begin PBXFrameworksBuildPhase section */
		2D2BE5281A0C9196003724D4 /* Frameworks */ = {
			isa = PBXFrameworksBuildPhase;
			buildActionMask = 2147483647;
			files = (
				2D4F33711AE3FAA10067D7A6 /* UIKit.framework in Frameworks */,
				2D2BE52F1A0C9196003724D4 /* Foundation.framework in Frameworks */,
			);
			runOnlyForDeploymentPostprocessing = 0;
		};
/* End PBXFrameworksBuildPhase section */

/* Begin PBXGroup section */
		2D1B253E1ADF01F2006841C3 /* basic */ = {
			isa = PBXGroup;
			children = (
				2DCD5C071CF451390083BC43 /* CZ2DPoint.cpp */,
				2DCD5C081CF451390083BC43 /* CZ2DPoint.h */,
				2DCD5C091CF451390083BC43 /* CZ3DPoint.cpp */,
				2DCD5C0A1CF451390083BC43 /* CZ3DPoint.h */,
				2DCD5C0B1CF451390083BC43 /* CZAffineTransform.cpp */,
				2DCD5C0C1CF451390083BC43 /* CZAffineTransform.h */,
				2DCD5C0D1CF451390083BC43 /* CZColor.cpp */,
				2DCD5C0E1CF451390083BC43 /* CZColor.h */,
				2DCD5C0F1CF451390083BC43 /* CZImage.cpp */,
				2DCD5C101CF451390083BC43 /* CZImage.h */,
				2DCD5C111CF451390083BC43 /* CZMat4.cpp */,
				2DCD5C121CF451390083BC43 /* CZMat4.h */,
				2DCD5C131CF451390083BC43 /* CZProperty.cpp */,
				2DCD5C141CF451390083BC43 /* CZProperty.h */,
				2DCD5C151CF451390083BC43 /* CZRandom.cpp */,
				2DCD5C161CF451390083BC43 /* CZRandom.h */,
				2DCD5C171CF451390083BC43 /* CZRect.cpp */,
				2DCD5C181CF451390083BC43 /* CZRect.h */,
				2DCD5C191CF451390083BC43 /* CZSize.cpp */,
				2DCD5C1A1CF451390083BC43 /* CZSize.h */,
			);
			name = basic;
			path = ../../../core/basic;
			sourceTree = "<group>";
		};
		2D1B25531ADF01F2006841C3 /* brush */ = {
			isa = PBXGroup;
			children = (
				2DCD5C251CF451500083BC43 /* CZBrush.cpp */,
				2DCD5C261CF451500083BC43 /* CZBrush.h */,
				2DCD5C271CF451500083BC43 /* CZBrushPreview.cpp */,
				2DCD5C281CF451500083BC43 /* CZBrushPreview.h */,
			);
			name = brush;
			path = ../../../core/brush;
			sourceTree = "<group>";
		};
		2D1B25741ADF01F2006841C3 /* graphic */ = {
			isa = PBXGroup;
			children = (
				2DCD5C2B1CF451670083BC43 /* CZFbo.h */,
				2DCD5C2C1CF451670083BC43 /* CZFbo.mm */,
				2DCD5C2D1CF451670083BC43 /* CZGLContext.h */,
				2DCD5C2E1CF451670083BC43 /* CZGLContext.mm */,
				2DCD5C2F1CF451670083BC43 /* CZGLdef.h */,
				2DCD5C301CF451670083BC43 /* CZShader.cpp */,
				2DCD5C311CF451670083BC43 /* CZShader.h */,
				2DCD5C321CF451670083BC43 /* CZTexture.cpp */,
				2DCD5C331CF451670083BC43 /* CZTexture.h */,
			);
			name = graphic;
			path = ../../../core/graphic;
			sourceTree = "<group>";
		};
		2D1B257F1ADF01F2006841C3 /* painting */ = {
			isa = PBXGroup;
			children = (
				2DCD5C381CF4517B0083BC43 /* CZLayer.cpp */,
				2DCD5C391CF4517B0083BC43 /* CZLayer.h */,
				2DCD5C3A1CF4517B0083BC43 /* CZPainting.cpp */,
				2DCD5C3B1CF4517B0083BC43 /* CZPainting.h */,
			);
			name = painting;
			path = ../../../core/painting;
			sourceTree = "<group>";
		};
		2D1B25841ADF01F2006841C3 /* path */ = {
			isa = PBXGroup;
			children = (
				2DCD5C3E1CF4518F0083BC43 /* CZBezierNode.cpp */,
				2DCD5C3F1CF4518F0083BC43 /* CZBezierNode.h */,
				2DCD5C401CF4518F0083BC43 /* CZBezierSegment.cpp */,
				2DCD5C411CF4518F0083BC43 /* CZBezierSegment.h */,
				2DCD5C421CF4518F0083BC43 /* CZPath.cpp */,
				2DCD5C431CF4518F0083BC43 /* CZPath.h */,
			);
			name = path;
			path = ../../../core/path;
			sourceTree = "<group>";
		};
		2D1B258B1ADF01F2006841C3 /* serialization */ = {
			isa = PBXGroup;
			children = (
				2DCD5C471CF451A40083BC43 /* CZCoder.h */,
				2DCD5C481CF451A40083BC43 /* CZCoding.h */,
				2DCD5C491CF451A40083BC43 /* CZDataProvider.h */,
				2DCD5C4A1CF451A40083BC43 /* CZDecoder.h */,
				2DCD5C4B1CF451A40083BC43 /* CZFileCoder.cpp */,
				2DCD5C4C1CF451A40083BC43 /* CZFileCoder.h */,
				2DCD5C4D1CF451A40083BC43 /* CZTypedData.cpp */,
				2DCD5C4E1CF451A40083BC43 /* CZTypedData.h */,
			);
			name = serialization;
			path = ../../../core/serialization;
			sourceTree = "<group>";
		};
		2D1B258F1ADF01F2006841C3 /* stamp */ = {
			isa = PBXGroup;
			children = (
				2DCD5C511CF451B90083BC43 /* CZBristleGenerator.cpp */,
				2DCD5C521CF451B90083BC43 /* CZBristleGenerator.h */,
				2DCD5C531CF451B90083BC43 /* CZRoundGenerator.cpp */,
				2DCD5C541CF451B90083BC43 /* CZRoundGenerator.h */,
				2DCD5C551CF451B90083BC43 /* CZSpiralGenerator.cpp */,
				2DCD5C561CF451B90083BC43 /* CZSpiralGenerator.h */,
				2DCD5C571CF451B90083BC43 /* CZStampGenerator.cpp */,
				2DCD5C581CF451B90083BC43 /* CZStampGenerator.h */,
			);
			name = stamp;
			path = ../../../core/stamp;
			sourceTree = "<group>";
		};
		2D1B25941ADF01F2006841C3 /* tool */ = {
			isa = PBXGroup;
			children = (
				2DCD5C5D1CF451CD0083BC43 /* CZEraserTool.cpp */,
				2DCD5C5E1CF451CD0083BC43 /* CZEraserTool.h */,
				2DCD5C5F1CF451CD0083BC43 /* CZFreehandTool.cpp */,
				2DCD5C601CF451CD0083BC43 /* CZFreehandTool.h */,
				2DCD5C611CF451CD0083BC43 /* CZLog.h */,
				2DCD5C621CF451CD0083BC43 /* CZTool.cpp */,
				2DCD5C631CF451CD0083BC43 /* CZTool.h */,
			);
			name = tool;
			path = ../../../core/tool;
			sourceTree = "<group>";
		};
		2D2BE5221A0C9196003724D4 = {
			isa = PBXGroup;
			children = (
				60B1B8E81CF464FB00C99E92 /* ColorPicker */,
				60B1B8D71CF4647400C99E92 /* interface */,
				2D2BE5301A0C9196003724D4 /* BrushesCore */,
				2D2BE5441A0C9196003724D4 /* BrushesCoreTests */,
				2D2BE52D1A0C9196003724D4 /* Frameworks */,
				2D2BE52C1A0C9196003724D4 /* Products */,
			);
			sourceTree = "<group>";
		};
		2D2BE52C1A0C9196003724D4 /* Products */ = {
			isa = PBXGroup;
			children = (
				2D2BE52B1A0C9196003724D4 /* libBrushesCore.a */,
			);
			name = Products;
			sourceTree = "<group>";
		};
		2D2BE52D1A0C9196003724D4 /* Frameworks */ = {
			isa = PBXGroup;
			children = (
				2D4F33701AE3FAA10067D7A6 /* UIKit.framework */,
				2D2BE52E1A0C9196003724D4 /* Foundation.framework */,
				2D2BE53C1A0C9196003724D4 /* XCTest.framework */,
				2D2BE53F1A0C9196003724D4 /* UIKit.framework */,
			);
			name = Frameworks;
			sourceTree = "<group>";
		};
		2D2BE5301A0C9196003724D4 /* BrushesCore */ = {
			isa = PBXGroup;
			children = (
				2DCD5C671CF452030083BC43 /* BrushesCore.h */,
				2DCD5C681CF452030083BC43 /* CZActiveState.cpp */,
				2DCD5C691CF452030083BC43 /* CZActiveState.h */,
				2DCD5C6A1CF452030083BC43 /* CZBrushCell.h */,
				2DCD5C6B1CF452030083BC43 /* CZBrushController.h */,
				2DCD5C6D1CF452030083BC43 /* CZCanvas.cpp */,
				2DCD5C6E1CF452030083BC43 /* CZCanvas.h */,
				2DCD5C6F1CF452030083BC43 /* CZColorBalance.cpp */,
				2DCD5C701CF452030083BC43 /* CZColorBalance.h */,
				2DCD5C711CF452030083BC43 /* CZDefine.h */,
				2DCD5C721CF452030083BC43 /* CZFileManager.cpp */,
				2DCD5C731CF452030083BC43 /* CZFileManager.h */,
				2DCD5C741CF452030083BC43 /* CZHueSaturation.cpp */,
				2DCD5C751CF452030083BC43 /* CZHueSaturation.h */,
				2DCD5C761CF452030083BC43 /* CZNotificationCenter.cpp */,
				2DCD5C771CF452030083BC43 /* CZNotificationCenter.h */,
				2DCD5C781CF452030083BC43 /* CZUndoManager.h */,
				2DCD5C791CF452030083BC43 /* CZUtil.cpp */,
				2DCD5C7A1CF452030083BC43 /* CZUtil.h */,
				2D1B253E1ADF01F2006841C3 /* basic */,
				2D1B25531ADF01F2006841C3 /* brush */,
				2D1B25741ADF01F2006841C3 /* graphic */,
				2D1B257F1ADF01F2006841C3 /* painting */,
				2D1B25841ADF01F2006841C3 /* path */,
				2D1B258B1ADF01F2006841C3 /* serialization */,
				2D1B258F1ADF01F2006841C3 /* stamp */,
				2D1B25941ADF01F2006841C3 /* tool */,
				2D2BE5311A0C9196003724D4 /* Supporting Files */,
			);
			path = BrushesCore;
			sourceTree = "<group>";
		};
		2D2BE5311A0C9196003724D4 /* Supporting Files */ = {
			isa = PBXGroup;
			children = (
				2D2BE5321A0C9196003724D4 /* BrushesCore-Prefix.pch */,
			);
			name = "Supporting Files";
			sourceTree = "<group>";
		};
		2D2BE5441A0C9196003724D4 /* BrushesCoreTests */ = {
			isa = PBXGroup;
			children = (
				2D2BE5451A0C9196003724D4 /* Supporting Files */,
			);
			path = BrushesCoreTests;
			sourceTree = "<group>";
		};
		2D2BE5451A0C9196003724D4 /* Supporting Files */ = {
			isa = PBXGroup;
			children = (
				2D2BE5461A0C9196003724D4 /* BrushesCoreTests-Info.plist */,
				2D2BE5471A0C9196003724D4 /* InfoPlist.strings */,
			);
			name = "Supporting Files";
			sourceTree = "<group>";
		};
		60B1B8D71CF4647400C99E92 /* interface */ = {
			isa = PBXGroup;
			children = (
				60B1B8D81CF4647400C99E92 /* CanvasView.h */,
				60B1B8D91CF4647400C99E92 /* CanvasView.mm */,
				60B1B8DA1CF4647400C99E92 /* CZViewImpl.h */,
				60B1B8DB1CF4647400C99E92 /* CZViewImpl.mm */,
				60B1B8DC1CF4647400C99E92 /* HYBrushCore.h */,
				60B1B8DD1CF4647400C99E92 /* HYBrushCore.mm */,
				60B1B8DE1CF4647400C99E92 /* Models */,
			);
			name = interface;
			path = ../interface;
			sourceTree = "<group>";
		};
		60B1B8DE1CF4647400C99E92 /* Models */ = {
			isa = PBXGroup;
			children = (
				60B1B8DF1CF4647400C99E92 /* Actions.h */,
				60B1B8E01CF4647400C99E92 /* Actions.m */,
				60B1B8E11CF4647400C99E92 /* PaintingManager.h */,
				60B1B8E21CF4647400C99E92 /* PaintingManager.mm */,
			);
			path = Models;
			sourceTree = "<group>";
		};
		60B1B8E81CF464FB00C99E92 /* ColorPicker */ = {
			isa = PBXGroup;
			children = (
				60B1B8E91CF464FB00C99E92 /* blit.vsh */,
				60B1B8EA1CF464FB00C99E92 /* colorPicker.fsh */,
				60B1B8EB1CF464FB00C99E92 /* ColorPicker.xib */,
				60B1B96A1CF464FB00C99E92 /* Shaders.h */,
				60B1B96B1CF464FB00C99E92 /* Shaders.m */,
				60B1B96C1CF464FB00C99E92 /* UIView+Additions.h */,
				60B1B96D1CF464FB00C99E92 /* UIView+Additions.m */,
				60B1B96E1CF464FB00C99E92 /* WDColor.h */,
				60B1B96F1CF464FB00C99E92 /* WDColor.m */,
				60B1B9701CF464FB00C99E92 /* WDColorComparator.h */,
				60B1B9711CF464FB00C99E92 /* WDColorComparator.m */,
				60B1B9721CF464FB00C99E92 /* WDColorIndicator.h */,
				60B1B9731CF464FB00C99E92 /* WDColorIndicator.m */,
				60B1B9741CF464FB00C99E92 /* WDColorPickerController.h */,
				60B1B9751CF464FB00C99E92 /* WDColorPickerController.m */,
				60B1B9761CF464FB00C99E92 /* WDColorSlider.h */,
				60B1B9771CF464FB00C99E92 /* WDColorSlider.m */,
				60B1B9781CF464FB00C99E92 /* WDColorSourceView.h */,
				60B1B9791CF464FB00C99E92 /* WDColorSourceView.m */,
				60B1B97A1CF464FB00C99E92 /* WDColorSquare.h */,
				60B1B97B1CF464FB00C99E92 /* WDColorSquare.m */,
				60B1B97C1CF464FB00C99E92 /* WDColorWell.h */,
				60B1B97D1CF464FB00C99E92 /* WDColorWell.m */,
				60B1B97E1CF464FB00C99E92 /* WDColorWheel.h */,
				60B1B97F1CF464FB00C99E92 /* WDColorWheel.m */,
				60B1B9801CF464FB00C99E92 /* WDDragChip.h */,
				60B1B9811CF464FB00C99E92 /* WDDragChip.m */,
				60B1B9821CF464FB00C99E92 /* WDInsetView.h */,
				60B1B9831CF464FB00C99E92 /* WDInsetView.m */,
				60B1B9841CF464FB00C99E92 /* WDShader.h */,
				60B1B9851CF464FB00C99E92 /* WDShader.m */,
				60B1B9861CF464FB00C99E92 /* WDSwatches.h */,
				60B1B9871CF464FB00C99E92 /* WDSwatches.m */,
				60B1B9881CF464FB00C99E92 /* WDUtilities.h */,
				60B1B9891CF464FB00C99E92 /* WDUtilities.m */,
			);
			name = ColorPicker;
			path = ../ColorPicker;
			sourceTree = "<group>";
		};
/* End PBXGroup section */

/* Begin PBXNativeTarget section */
		2D2BE52A1A0C9196003724D4 /* BrushesCore */ = {
			isa = PBXNativeTarget;
			buildConfigurationList = 2D2BE54E1A0C9196003724D4 /* Build configuration list for PBXNativeTarget "BrushesCore" */;
			buildPhases = (
				2D2BE5271A0C9196003724D4 /* Sources */,
				2D2BE5281A0C9196003724D4 /* Frameworks */,
				2D2BE5291A0C9196003724D4 /* CopyFiles */,
			);
			buildRules = (
			);
			dependencies = (
			);
			name = BrushesCore;
			productName = BrushesCore;
			productReference = 2D2BE52B1A0C9196003724D4 /* libBrushesCore.a */;
			productType = "com.apple.product-type.library.static";
		};
/* End PBXNativeTarget section */

/* Begin PBXProject section */
		2D2BE5231A0C9196003724D4 /* Project object */ = {
			isa = PBXProject;
			attributes = {
				LastUpgradeCheck = 0510;
				ORGANIZATIONNAME = CharlyZhang;
				TargetAttributes = {
					60B1B8CC1CF45FF800C99E92 = {
						CreatedOnToolsVersion = 7.3.1;
					};
				};
			};
			buildConfigurationList = 2D2BE5261A0C9196003724D4 /* Build configuration list for PBXProject "BrushesCore" */;
			compatibilityVersion = "Xcode 3.2";
			developmentRegion = English;
			hasScannedForEncodings = 0;
			knownRegions = (
				en,
			);
			mainGroup = 2D2BE5221A0C9196003724D4;
			productRefGroup = 2D2BE52C1A0C9196003724D4 /* Products */;
			projectDirPath = "";
			projectRoot = "";
			targets = (
				2D2BE52A1A0C9196003724D4 /* BrushesCore */,
				60B1B8CC1CF45FF800C99E92 /* Universal */,
			);
		};
/* End PBXProject section */

/* Begin PBXShellScriptBuildPhase section */
		60B1B8D01CF4600100C99E92 /* ShellScript */ = {
			isa = PBXShellScriptBuildPhase;
			buildActionMask = 2147483647;
			files = (
			);
			inputPaths = (
			);
			outputPaths = (
			);
			runOnlyForDeploymentPostprocessing = 0;
			shellPath = /bin/sh;
			shellScript = "# define output folder environment variable\nUNIVERSAL_OUTPUTFOLDER=${BUILD_DIR}/${CONFIGURATION}-universal\n\n# Step 1. Build Device and Simulator versions\nxcodebuild -target BrushesCore ONLY_ACTIVE_ARCH=NO -configuration ${CONFIGURATION} -sdk iphoneos  BUILD_DIR=\"${BUILD_DIR}\" BUILD_ROOT=\"${BUILD_ROOT}\"\nxcodebuild -target BrushesCore -configuration ${CONFIGURATION} -sdk iphonesimulator -arch i386 -arch x86_64  BUILD_DIR=\"${BUILD_DIR}\" BUILD_ROOT=\"${BUILD_ROOT}\"\n\n# make sure the output directory exists\nmkdir -p \"${UNIVERSAL_OUTPUTFOLDER}\"\n\n# Step 2. Create universal binary file using lipo\nlipo -create -output \"${UNIVERSAL_OUTPUTFOLDER}/lib${PROJECT_NAME}.a\" \"${BUILD_DIR}/${CONFIGURATION}-iphoneos/lib${PROJECT_NAME}.a\" \"${BUILD_DIR}/${CONFIGURATION}-iphonesimulator/lib${PROJECT_NAME}.a\"\n\n# Last touch. copy the header files. Just for convenience\ncp -R \"${BUILD_DIR}/${CONFIGURATION}-iphoneos/include\" \"${UNIVERSAL_OUTPUTFOLDER}/\"";
		};
/* End PBXShellScriptBuildPhase section */

/* Begin PBXSourcesBuildPhase section */
		2D2BE5271A0C9196003724D4 /* Sources */ = {
			isa = PBXSourcesBuildPhase;
			buildActionMask = 2147483647;
			files = (
				60B1B9BF1CF464FB00C99E92 /* WDColorComparator.m in Sources */,
				2DCD5C371CF451670083BC43 /* CZTexture.cpp in Sources */,
				2DCD5C211CF451390083BC43 /* CZProperty.cpp in Sources */,
				2DCD5C7D1CF452030083BC43 /* CZCanvas.cpp in Sources */,
				2DCD5C221CF451390083BC43 /* CZRandom.cpp in Sources */,
				60B1B9CA1CF464FB00C99E92 /* WDSwatches.m in Sources */,
				2DCD5C291CF451500083BC43 /* CZBrush.cpp in Sources */,
				2DCD5C351CF451670083BC43 /* CZGLContext.mm in Sources */,
				60B1B8E41CF4647400C99E92 /* CZViewImpl.mm in Sources */,
				60B1B8E61CF4647400C99E92 /* Actions.m in Sources */,
				2DCD5C1B1CF451390083BC43 /* CZ2DPoint.cpp in Sources */,
				2DCD5C361CF451670083BC43 /* CZShader.cpp in Sources */,
				60B1B9CB1CF464FB00C99E92 /* WDUtilities.m in Sources */,
				2DCD5C821CF452030083BC43 /* CZUtil.cpp in Sources */,
				60B1B9C11CF464FB00C99E92 /* WDColorPickerController.m in Sources */,
				2DCD5C651CF451CD0083BC43 /* CZFreehandTool.cpp in Sources */,
				2DCD5C341CF451670083BC43 /* CZFbo.mm in Sources */,
				2DCD5C3D1CF4517B0083BC43 /* CZPainting.cpp in Sources */,
				2DCD5C7B1CF452030083BC43 /* CZActiveState.cpp in Sources */,
				60B1B9C71CF464FB00C99E92 /* WDDragChip.m in Sources */,
				60B1B8E71CF4647400C99E92 /* PaintingManager.mm in Sources */,
				2DCD5C231CF451390083BC43 /* CZRect.cpp in Sources */,
				60B1B9C91CF464FB00C99E92 /* WDShader.m in Sources */,
				2DCD5C1D1CF451390083BC43 /* CZAffineTransform.cpp in Sources */,
				2DCD5C1E1CF451390083BC43 /* CZColor.cpp in Sources */,
				2DCD5C3C1CF4517B0083BC43 /* CZLayer.cpp in Sources */,
				2DCD5C5B1CF451B90083BC43 /* CZSpiralGenerator.cpp in Sources */,
				2DCD5C241CF451390083BC43 /* CZSize.cpp in Sources */,
				60B1B9C51CF464FB00C99E92 /* WDColorWell.m in Sources */,
				60B1B8E51CF4647400C99E92 /* HYBrushCore.mm in Sources */,
				2DCD5C2A1CF451500083BC43 /* CZBrushPreview.cpp in Sources */,
				60B1B9BE1CF464FB00C99E92 /* WDColor.m in Sources */,
				2DCD5C4F1CF451A40083BC43 /* CZFileCoder.cpp in Sources */,
				2DCD5C801CF452030083BC43 /* CZHueSaturation.cpp in Sources */,
				2DCD5C461CF4518F0083BC43 /* CZPath.cpp in Sources */,
				2DCD5C811CF452030083BC43 /* CZNotificationCenter.cpp in Sources */,
				2DCD5C591CF451B90083BC43 /* CZBristleGenerator.cpp in Sources */,
				2DCD5C7E1CF452030083BC43 /* CZColorBalance.cpp in Sources */,
				2DCD5C201CF451390083BC43 /* CZMat4.cpp in Sources */,
				60B1B9C01CF464FB00C99E92 /* WDColorIndicator.m in Sources */,
				2DCD5C501CF451A40083BC43 /* CZTypedData.cpp in Sources */,
				60B1B9C41CF464FB00C99E92 /* WDColorSquare.m in Sources */,
				60B1B9BD1CF464FB00C99E92 /* UIView+Additions.m in Sources */,
				2DCD5C451CF4518F0083BC43 /* CZBezierSegment.cpp in Sources */,
				60B1B9C31CF464FB00C99E92 /* WDColorSourceView.m in Sources */,
				2DCD5C641CF451CD0083BC43 /* CZEraserTool.cpp in Sources */,
				2DCD5C1C1CF451390083BC43 /* CZ3DPoint.cpp in Sources */,
				2DCD5C7F1CF452030083BC43 /* CZFileManager.cpp in Sources */,
				2DCD5C441CF4518F0083BC43 /* CZBezierNode.cpp in Sources */,
				60B1B9BC1CF464FB00C99E92 /* Shaders.m in Sources */,
				2DCD5C1F1CF451390083BC43 /* CZImage.cpp in Sources */,
				60B1B9C61CF464FB00C99E92 /* WDColorWheel.m in Sources */,
				2DCD5C5C1CF451B90083BC43 /* CZStampGenerator.cpp in Sources */,
				2DCD5C661CF451CD0083BC43 /* CZTool.cpp in Sources */,
				60B1B9C21CF464FB00C99E92 /* WDColorSlider.m in Sources */,
				60B1B8E31CF4647400C99E92 /* CanvasView.mm in Sources */,
				2DCD5C5A1CF451B90083BC43 /* CZRoundGenerator.cpp in Sources */,
				60B1B9C81CF464FB00C99E92 /* WDInsetView.m in Sources */,
			);
			runOnlyForDeploymentPostprocessing = 0;
		};
/* End PBXSourcesBuildPhase section */

/* Begin PBXVariantGroup section */
		2D2BE5471A0C9196003724D4 /* InfoPlist.strings */ = {
			isa = PBXVariantGroup;
			children = (
				2D2BE5481A0C9196003724D4 /* en */,
			);
			name = InfoPlist.strings;
			sourceTree = "<group>";
		};
/* End PBXVariantGroup section */

/* Begin XCBuildConfiguration section */
		2D2BE54C1A0C9196003724D4 /* Debug */ = {
			isa = XCBuildConfiguration;
			buildSettings = {
				ALWAYS_SEARCH_USER_PATHS = NO;
				CLANG_CXX_LANGUAGE_STANDARD = "gnu++0x";
				CLANG_CXX_LIBRARY = "libc++";
				CLANG_ENABLE_MODULES = YES;
				CLANG_ENABLE_OBJC_ARC = NO;
				CLANG_WARN_BOOL_CONVERSION = YES;
				CLANG_WARN_CONSTANT_CONVERSION = YES;
				CLANG_WARN_DIRECT_OBJC_ISA_USAGE = YES_ERROR;
				CLANG_WARN_EMPTY_BODY = YES;
				CLANG_WARN_ENUM_CONVERSION = YES;
				CLANG_WARN_INT_CONVERSION = YES;
				CLANG_WARN_OBJC_ROOT_CLASS = YES_ERROR;
				CLANG_WARN__DUPLICATE_METHOD_MATCH = YES;
				CODE_SIGN_IDENTITY = "iPhone Developer: LI Leichuan (YK29UXBS4P)";
				COPY_PHASE_STRIP = NO;
				GCC_C_LANGUAGE_STANDARD = gnu99;
				GCC_DYNAMIC_NO_PIC = NO;
				GCC_OPTIMIZATION_LEVEL = 0;
				GCC_PREPROCESSOR_DEFINITIONS = (
					"DEBUG=1",
					"$(inherited)",
				);
				GCC_SYMBOLS_PRIVATE_EXTERN = NO;
				GCC_WARN_64_TO_32_BIT_CONVERSION = YES;
				GCC_WARN_ABOUT_RETURN_TYPE = YES_ERROR;
				GCC_WARN_UNDECLARED_SELECTOR = YES;
				GCC_WARN_UNINITIALIZED_AUTOS = YES_AGGRESSIVE;
				GCC_WARN_UNUSED_FUNCTION = YES;
				GCC_WARN_UNUSED_VARIABLE = YES;
				IPHONEOS_DEPLOYMENT_TARGET = 7.0;
				ONLY_ACTIVE_ARCH = YES;
				PROVISIONING_PROFILE = "b909e209-7685-42aa-8376-024af2761152";
				SDKROOT = iphoneos;
			};
			name = Debug;
		};
		2D2BE54D1A0C9196003724D4 /* Release */ = {
			isa = XCBuildConfiguration;
			buildSettings = {
				ALWAYS_SEARCH_USER_PATHS = NO;
				CLANG_CXX_LANGUAGE_STANDARD = "gnu++0x";
				CLANG_CXX_LIBRARY = "libc++";
				CLANG_ENABLE_MODULES = YES;
				CLANG_ENABLE_OBJC_ARC = NO;
				CLANG_WARN_BOOL_CONVERSION = YES;
				CLANG_WARN_CONSTANT_CONVERSION = YES;
				CLANG_WARN_DIRECT_OBJC_ISA_USAGE = YES_ERROR;
				CLANG_WARN_EMPTY_BODY = YES;
				CLANG_WARN_ENUM_CONVERSION = YES;
				CLANG_WARN_INT_CONVERSION = YES;
				CLANG_WARN_OBJC_ROOT_CLASS = YES_ERROR;
				CLANG_WARN__DUPLICATE_METHOD_MATCH = YES;
				CODE_SIGN_IDENTITY = "iPhone Developer: LI Leichuan (YK29UXBS4P)";
				COPY_PHASE_STRIP = YES;
				ENABLE_NS_ASSERTIONS = NO;
				GCC_C_LANGUAGE_STANDARD = gnu99;
				GCC_WARN_64_TO_32_BIT_CONVERSION = YES;
				GCC_WARN_ABOUT_RETURN_TYPE = YES_ERROR;
				GCC_WARN_UNDECLARED_SELECTOR = YES;
				GCC_WARN_UNINITIALIZED_AUTOS = YES_AGGRESSIVE;
				GCC_WARN_UNUSED_FUNCTION = YES;
				GCC_WARN_UNUSED_VARIABLE = YES;
				IPHONEOS_DEPLOYMENT_TARGET = 7.0;
				PROVISIONING_PROFILE = "b909e209-7685-42aa-8376-024af2761152";
				SDKROOT = iphoneos;
				VALIDATE_PRODUCT = YES;
			};
			name = Release;
		};
		2D2BE54F1A0C9196003724D4 /* Debug */ = {
			isa = XCBuildConfiguration;
			buildSettings = {
				CLANG_ENABLE_OBJC_ARC = YES;
				DSTROOT = /tmp/BrushesCore.dst;
				GCC_PRECOMPILE_PREFIX_HEADER = YES;
				GCC_PREFIX_HEADER = "BrushesCore/BrushesCore-Prefix.pch";
				OTHER_LDFLAGS = "-ObjC";
				PRODUCT_NAME = "$(TARGET_NAME)";
				PROVISIONING_PROFILE = "35cdd2d2-bb8c-483f-94fa-19e6ce115a97";
				SKIP_INSTALL = YES;
				SYMROOT = build;
			};
			name = Debug;
		};
		2D2BE5501A0C9196003724D4 /* Release */ = {
			isa = XCBuildConfiguration;
			buildSettings = {
				CLANG_ENABLE_OBJC_ARC = YES;
				DSTROOT = /tmp/BrushesCore.dst;
				GCC_PRECOMPILE_PREFIX_HEADER = YES;
				GCC_PREFIX_HEADER = "BrushesCore/BrushesCore-Prefix.pch";
				OTHER_LDFLAGS = "-ObjC";
				PRODUCT_NAME = "$(TARGET_NAME)";
				PROVISIONING_PROFILE = "35cdd2d2-bb8c-483f-94fa-19e6ce115a97";
				SKIP_INSTALL = YES;
			};
			name = Release;
		};
		60B1B8CE1CF45FF800C99E92 /* Debug */ = {
			isa = XCBuildConfiguration;
			buildSettings = {
				PRODUCT_NAME = "$(TARGET_NAME)";
			};
			name = Debug;
		};
		60B1B8CF1CF45FF800C99E92 /* Release */ = {
			isa = XCBuildConfiguration;
			buildSettings = {
				PRODUCT_NAME = "$(TARGET_NAME)";
			};
			name = Release;
		};
/* End XCBuildConfiguration section */

/* Begin XCConfigurationList section */
		2D2BE5261A0C9196003724D4 /* Build configuration list for PBXProject "BrushesCore" */ = {
			isa = XCConfigurationList;
			buildConfigurations = (
				2D2BE54C1A0C9196003724D4 /* Debug */,
				2D2BE54D1A0C9196003724D4 /* Release */,
			);
			defaultConfigurationIsVisible = 0;
			defaultConfigurationName = Release;
		};
		2D2BE54E1A0C9196003724D4 /* Build configuration list for PBXNativeTarget "BrushesCore" */ = {
			isa = XCConfigurationList;
			buildConfigurations = (
				2D2BE54F1A0C9196003724D4 /* Debug */,
				2D2BE5501A0C9196003724D4 /* Release */,
			);
			defaultConfigurationIsVisible = 0;
			defaultConfigurationName = Release;
		};
		60B1B8CD1CF45FF800C99E92 /* Build configuration list for PBXAggregateTarget "Universal" */ = {
			isa = XCConfigurationList;
			buildConfigurations = (
				60B1B8CE1CF45FF800C99E92 /* Debug */,
				60B1B8CF1CF45FF800C99E92 /* Release */,
			);
			defaultConfigurationIsVisible = 0;
		};
/* End XCConfigurationList section */
	};
	rootObject = 2D2BE5231A0C9196003724D4 /* Project object */;
}
