// !$*UTF8*$!
{
	archiveVersion = 1;
	classes = {
	};
	objectVersion = 46;
	objects = {

/* Begin PBXAggregateTarget section */
		60B1B8CC1CF45FF800C99E92 /* Universal */ = {
			isa = PBXAggregateTarget;
			buildConfigurationList = 60B1B8CD1CF45FF800C99E92 /* Build configuration list for PBXAggregateTarget "Universal" */;
			buildPhases = (
				60B1B8D01CF4600100C99E92 /* ShellScript */,
			);
			dependencies = (
			);
			name = Universal;
			productName = Universal;
		};
/* End PBXAggregateTarget section */

/* Begin PBXBuildFile section */
		2D2BE52F1A0C9196003724D4 /* Foundation.framework in Frameworks */ = {isa = PBXBuildFile; fileRef = 2D2BE52E1A0C9196003724D4 /* Foundation.framework */; };
		2D3D07241CF58CFA00775308 /* BrushSizePannelView.m in Sources */ = {isa = PBXBuildFile; fileRef = 2D3D071F1CF58CFA00775308 /* BrushSizePannelView.m */; };
		2D3D07251CF58CFA00775308 /* TransformOverlayer.m in Sources */ = {isa = PBXBuildFile; fileRef = 2D3D07211CF58CFA00775308 /* TransformOverlayer.m */; };
		2D3D07321CF58D2400775308 /* CanvasView.mm in Sources */ = {isa = PBXBuildFile; fileRef = 2D3D07281CF58D2400775308 /* CanvasView.mm */; };
		2D3D07331CF58D2400775308 /* CZViewImpl.mm in Sources */ = {isa = PBXBuildFile; fileRef = 2D3D072A1CF58D2400775308 /* CZViewImpl.mm */; };
		2D3D07341CF58D2400775308 /* HYBrushCore.mm in Sources */ = {isa = PBXBuildFile; fileRef = 2D3D072C1CF58D2400775308 /* HYBrushCore.mm */; };
		2D3D07661CF5927F00775308 /* UIImage+Resize.m in Sources */ = {isa = PBXBuildFile; fileRef = 2D3D07631CF5927F00775308 /* UIImage+Resize.m */; };
		2D3D07B91CF5985500775308 /* UIImage+Resize.h in CopyFiles */ = {isa = PBXBuildFile; fileRef = 2D3D07621CF5927F00775308 /* UIImage+Resize.h */; };
		2D3D07BA1CF5985500775308 /* HYBrushCore.h in CopyFiles */ = {isa = PBXBuildFile; fileRef = 2D3D072B1CF58D2400775308 /* HYBrushCore.h */; };
		2D3D07BC1CF5993200775308 /* CanvasView.h in CopyFiles */ = {isa = PBXBuildFile; fileRef = 2D3D07271CF58D2400775308 /* CanvasView.h */; };
		2D3D07BD1CF5993200775308 /* BrushSizePannelView.h in CopyFiles */ = {isa = PBXBuildFile; fileRef = 2D3D071E1CF58CFA00775308 /* BrushSizePannelView.h */; };
		2D3D07BE1CF5993200775308 /* TransformOverlayer.h in CopyFiles */ = {isa = PBXBuildFile; fileRef = 2D3D07201CF58CFA00775308 /* TransformOverlayer.h */; };
		2D3D082C1CF6894800775308 /* CZ2DPoint.cpp in Sources */ = {isa = PBXBuildFile; fileRef = 2D3D07E11CF6894800775308 /* CZ2DPoint.cpp */; };
		2D3D082D1CF6894800775308 /* CZ3DPoint.cpp in Sources */ = {isa = PBXBuildFile; fileRef = 2D3D07E31CF6894800775308 /* CZ3DPoint.cpp */; };
		2D3D082E1CF6894800775308 /* CZAffineTransform.cpp in Sources */ = {isa = PBXBuildFile; fileRef = 2D3D07E51CF6894800775308 /* CZAffineTransform.cpp */; };
		2D3D082F1CF6894800775308 /* CZColor.cpp in Sources */ = {isa = PBXBuildFile; fileRef = 2D3D07E71CF6894800775308 /* CZColor.cpp */; };
		2D3D08301CF6894800775308 /* CZImage.cpp in Sources */ = {isa = PBXBuildFile; fileRef = 2D3D07E91CF6894800775308 /* CZImage.cpp */; };
		2D3D08311CF6894800775308 /* CZMat4.cpp in Sources */ = {isa = PBXBuildFile; fileRef = 2D3D07EB1CF6894800775308 /* CZMat4.cpp */; };
		2D3D08321CF6894800775308 /* CZProperty.cpp in Sources */ = {isa = PBXBuildFile; fileRef = 2D3D07ED1CF6894800775308 /* CZProperty.cpp */; };
		2D3D08331CF6894800775308 /* CZRandom.cpp in Sources */ = {isa = PBXBuildFile; fileRef = 2D3D07EF1CF6894800775308 /* CZRandom.cpp */; };
		2D3D08341CF6894800775308 /* CZRect.cpp in Sources */ = {isa = PBXBuildFile; fileRef = 2D3D07F11CF6894800775308 /* CZRect.cpp */; };
		2D3D08351CF6894800775308 /* CZSize.cpp in Sources */ = {isa = PBXBuildFile; fileRef = 2D3D07F31CF6894800775308 /* CZSize.cpp */; };
		2D3D08361CF6894800775308 /* CZBrush.cpp in Sources */ = {isa = PBXBuildFile; fileRef = 2D3D07F61CF6894800775308 /* CZBrush.cpp */; };
		2D3D08371CF6894800775308 /* CZBrushPreview.cpp in Sources */ = {isa = PBXBuildFile; fileRef = 2D3D07F81CF6894800775308 /* CZBrushPreview.cpp */; };
		2D3D08391CF6894800775308 /* CZFbo.mm in Sources */ = {isa = PBXBuildFile; fileRef = 2D3D07FD1CF6894800775308 /* CZFbo.mm */; };
		2D3D083B1CF6894800775308 /* CZGLContext.mm in Sources */ = {isa = PBXBuildFile; fileRef = 2D3D08001CF6894800775308 /* CZGLContext.mm */; };
		2D3D083C1CF6894800775308 /* CZShader.cpp in Sources */ = {isa = PBXBuildFile; fileRef = 2D3D08021CF6894800775308 /* CZShader.cpp */; };
		2D3D083D1CF6894800775308 /* CZTexture.cpp in Sources */ = {isa = PBXBuildFile; fileRef = 2D3D08041CF6894800775308 /* CZTexture.cpp */; };
		2D3D083E1CF6894800775308 /* CZLayer.cpp in Sources */ = {isa = PBXBuildFile; fileRef = 2D3D08071CF6894800775308 /* CZLayer.cpp */; };
		2D3D083F1CF6894800775308 /* CZPainting.cpp in Sources */ = {isa = PBXBuildFile; fileRef = 2D3D08091CF6894800775308 /* CZPainting.cpp */; };
		2D3D08401CF6894800775308 /* CZBezierNode.cpp in Sources */ = {isa = PBXBuildFile; fileRef = 2D3D080C1CF6894800775308 /* CZBezierNode.cpp */; };
		2D3D08411CF6894800775308 /* CZBezierSegment.cpp in Sources */ = {isa = PBXBuildFile; fileRef = 2D3D080E1CF6894800775308 /* CZBezierSegment.cpp */; };
		2D3D08421CF6894800775308 /* CZPath.cpp in Sources */ = {isa = PBXBuildFile; fileRef = 2D3D08101CF6894800775308 /* CZPath.cpp */; };
		2D3D08431CF6894800775308 /* CZFileCoder.cpp in Sources */ = {isa = PBXBuildFile; fileRef = 2D3D08171CF6894800775308 /* CZFileCoder.cpp */; };
		2D3D08441CF6894800775308 /* CZTypedData.cpp in Sources */ = {isa = PBXBuildFile; fileRef = 2D3D08191CF6894800775308 /* CZTypedData.cpp */; };
		2D3D08451CF6894800775308 /* CZBristleGenerator.cpp in Sources */ = {isa = PBXBuildFile; fileRef = 2D3D081C1CF6894800775308 /* CZBristleGenerator.cpp */; };
		2D3D08461CF6894800775308 /* CZRoundGenerator.cpp in Sources */ = {isa = PBXBuildFile; fileRef = 2D3D081E1CF6894800775308 /* CZRoundGenerator.cpp */; };
		2D3D08471CF6894800775308 /* CZSpiralGenerator.cpp in Sources */ = {isa = PBXBuildFile; fileRef = 2D3D08201CF6894800775308 /* CZSpiralGenerator.cpp */; };
		2D3D08481CF6894800775308 /* CZStampGenerator.cpp in Sources */ = {isa = PBXBuildFile; fileRef = 2D3D08221CF6894800775308 /* CZStampGenerator.cpp */; };
		2D3D08491CF6894800775308 /* CZEraserTool.cpp in Sources */ = {isa = PBXBuildFile; fileRef = 2D3D08251CF6894800775308 /* CZEraserTool.cpp */; };
		2D3D084A1CF6894800775308 /* CZFreehandTool.cpp in Sources */ = {isa = PBXBuildFile; fileRef = 2D3D08271CF6894800775308 /* CZFreehandTool.cpp */; };
		2D3D084B1CF6894800775308 /* CZTool.cpp in Sources */ = {isa = PBXBuildFile; fileRef = 2D3D082A1CF6894800775308 /* CZTool.cpp */; };
		2D3D08B01CF846D300775308 /* Actions.m in Sources */ = {isa = PBXBuildFile; fileRef = 2D3D08AD1CF846D300775308 /* Actions.m */; };
		2D3D08B11CF846D300775308 /* PaintingNameManager.m in Sources */ = {isa = PBXBuildFile; fileRef = 2D3D08AF1CF846D300775308 /* PaintingNameManager.m */; };
		2D3D08B21CF846FF00775308 /* PaintingNameManager.h in CopyFiles */ = {isa = PBXBuildFile; fileRef = 2D3D08AE1CF846D300775308 /* PaintingNameManager.h */; };
		2D4F33711AE3FAA10067D7A6 /* UIKit.framework in Frameworks */ = {isa = PBXBuildFile; fileRef = 2D4F33701AE3FAA10067D7A6 /* UIKit.framework */; };
		2DCD5C7B1CF452030083BC43 /* CZActiveState.cpp in Sources */ = {isa = PBXBuildFile; fileRef = 2DCD5C681CF452030083BC43 /* CZActiveState.cpp */; };
		2DCD5C7D1CF452030083BC43 /* CZCanvas.cpp in Sources */ = {isa = PBXBuildFile; fileRef = 2DCD5C6D1CF452030083BC43 /* CZCanvas.cpp */; };
		2DCD5C7E1CF452030083BC43 /* CZColorBalance.cpp in Sources */ = {isa = PBXBuildFile; fileRef = 2DCD5C6F1CF452030083BC43 /* CZColorBalance.cpp */; };
		2DCD5C7F1CF452030083BC43 /* CZFileManager.cpp in Sources */ = {isa = PBXBuildFile; fileRef = 2DCD5C721CF452030083BC43 /* CZFileManager.cpp */; };
		2DCD5C801CF452030083BC43 /* CZHueSaturation.cpp in Sources */ = {isa = PBXBuildFile; fileRef = 2DCD5C741CF452030083BC43 /* CZHueSaturation.cpp */; };
		2DCD5C811CF452030083BC43 /* CZNotificationCenter.cpp in Sources */ = {isa = PBXBuildFile; fileRef = 2DCD5C761CF452030083BC43 /* CZNotificationCenter.cpp */; };
		2DCD5C821CF452030083BC43 /* CZUtil.cpp in Sources */ = {isa = PBXBuildFile; fileRef = 2DCD5C791CF452030083BC43 /* CZUtil.cpp */; };
/* End PBXBuildFile section */

/* Begin PBXCopyFilesBuildPhase section */
		2D2BE5291A0C9196003724D4 /* CopyFiles */ = {
			isa = PBXCopyFilesBuildPhase;
			buildActionMask = 12;
			dstPath = include;
			dstSubfolderSpec = 16;
			files = (
				2D3D08B21CF846FF00775308 /* PaintingNameManager.h in CopyFiles */,
				2D3D07BC1CF5993200775308 /* CanvasView.h in CopyFiles */,
				2D3D07BD1CF5993200775308 /* BrushSizePannelView.h in CopyFiles */,
				2D3D07BE1CF5993200775308 /* TransformOverlayer.h in CopyFiles */,
				2D3D07B91CF5985500775308 /* UIImage+Resize.h in CopyFiles */,
				2D3D07BA1CF5985500775308 /* HYBrushCore.h in CopyFiles */,
			);
			runOnlyForDeploymentPostprocessing = 0;
		};
/* End PBXCopyFilesBuildPhase section */

/* Begin PBXFileReference section */
		2D2BE52B1A0C9196003724D4 /* libBrushesCore.a */ = {isa = PBXFileReference; explicitFileType = archive.ar; includeInIndex = 0; path = libBrushesCore.a; sourceTree = BUILT_PRODUCTS_DIR; };
		2D2BE52E1A0C9196003724D4 /* Foundation.framework */ = {isa = PBXFileReference; lastKnownFileType = wrapper.framework; name = Foundation.framework; path = System/Library/Frameworks/Foundation.framework; sourceTree = SDKROOT; };
		2D2BE5321A0C9196003724D4 /* BrushesCore-Prefix.pch */ = {isa = PBXFileReference; lastKnownFileType = sourcecode.c.h; path = "BrushesCore-Prefix.pch"; sourceTree = "<group>"; };
		2D2BE53C1A0C9196003724D4 /* XCTest.framework */ = {isa = PBXFileReference; lastKnownFileType = wrapper.framework; name = XCTest.framework; path = Library/Frameworks/XCTest.framework; sourceTree = DEVELOPER_DIR; };
		2D2BE53F1A0C9196003724D4 /* UIKit.framework */ = {isa = PBXFileReference; lastKnownFileType = wrapper.framework; name = UIKit.framework; path = Library/Frameworks/UIKit.framework; sourceTree = DEVELOPER_DIR; };
		2D2BE5461A0C9196003724D4 /* BrushesCoreTests-Info.plist */ = {isa = PBXFileReference; lastKnownFileType = text.plist.xml; path = "BrushesCoreTests-Info.plist"; sourceTree = "<group>"; };
		2D2BE5481A0C9196003724D4 /* en */ = {isa = PBXFileReference; lastKnownFileType = text.plist.strings; name = en; path = en.lproj/InfoPlist.strings; sourceTree = "<group>"; };
		2D3D071E1CF58CFA00775308 /* BrushSizePannelView.h */ = {isa = PBXFileReference; fileEncoding = 4; lastKnownFileType = sourcecode.c.h; path = BrushSizePannelView.h; sourceTree = "<group>"; };
		2D3D071F1CF58CFA00775308 /* BrushSizePannelView.m */ = {isa = PBXFileReference; fileEncoding = 4; lastKnownFileType = sourcecode.c.objc; path = BrushSizePannelView.m; sourceTree = "<group>"; };
		2D3D07201CF58CFA00775308 /* TransformOverlayer.h */ = {isa = PBXFileReference; fileEncoding = 4; lastKnownFileType = sourcecode.c.h; path = TransformOverlayer.h; sourceTree = "<group>"; };
		2D3D07211CF58CFA00775308 /* TransformOverlayer.m */ = {isa = PBXFileReference; fileEncoding = 4; lastKnownFileType = sourcecode.c.objc; path = TransformOverlayer.m; sourceTree = "<group>"; };
		2D3D07271CF58D2400775308 /* CanvasView.h */ = {isa = PBXFileReference; fileEncoding = 4; lastKnownFileType = sourcecode.c.h; path = CanvasView.h; sourceTree = "<group>"; };
		2D3D07281CF58D2400775308 /* CanvasView.mm */ = {isa = PBXFileReference; fileEncoding = 4; lastKnownFileType = sourcecode.cpp.objcpp; path = CanvasView.mm; sourceTree = "<group>"; };
		2D3D07291CF58D2400775308 /* CZViewImpl.h */ = {isa = PBXFileReference; fileEncoding = 4; lastKnownFileType = sourcecode.c.h; path = CZViewImpl.h; sourceTree = "<group>"; };
		2D3D072A1CF58D2400775308 /* CZViewImpl.mm */ = {isa = PBXFileReference; fileEncoding = 4; lastKnownFileType = sourcecode.cpp.objcpp; path = CZViewImpl.mm; sourceTree = "<group>"; };
		2D3D072B1CF58D2400775308 /* HYBrushCore.h */ = {isa = PBXFileReference; fileEncoding = 4; lastKnownFileType = sourcecode.c.h; path = HYBrushCore.h; sourceTree = "<group>"; };
		2D3D072C1CF58D2400775308 /* HYBrushCore.mm */ = {isa = PBXFileReference; fileEncoding = 4; lastKnownFileType = sourcecode.cpp.objcpp; path = HYBrushCore.mm; sourceTree = "<group>"; };
		2D3D07621CF5927F00775308 /* UIImage+Resize.h */ = {isa = PBXFileReference; fileEncoding = 4; lastKnownFileType = sourcecode.c.h; path = "UIImage+Resize.h"; sourceTree = "<group>"; };
		2D3D07631CF5927F00775308 /* UIImage+Resize.m */ = {isa = PBXFileReference; fileEncoding = 4; lastKnownFileType = sourcecode.c.objc; path = "UIImage+Resize.m"; sourceTree = "<group>"; };
		2D3D07E11CF6894800775308 /* CZ2DPoint.cpp */ = {isa = PBXFileReference; fileEncoding = 4; lastKnownFileType = sourcecode.cpp.cpp; path = CZ2DPoint.cpp; sourceTree = "<group>"; };
		2D3D07E21CF6894800775308 /* CZ2DPoint.h */ = {isa = PBXFileReference; fileEncoding = 4; lastKnownFileType = sourcecode.c.h; path = CZ2DPoint.h; sourceTree = "<group>"; };
		2D3D07E31CF6894800775308 /* CZ3DPoint.cpp */ = {isa = PBXFileReference; fileEncoding = 4; lastKnownFileType = sourcecode.cpp.cpp; path = CZ3DPoint.cpp; sourceTree = "<group>"; };
		2D3D07E41CF6894800775308 /* CZ3DPoint.h */ = {isa = PBXFileReference; fileEncoding = 4; lastKnownFileType = sourcecode.c.h; path = CZ3DPoint.h; sourceTree = "<group>"; };
		2D3D07E51CF6894800775308 /* CZAffineTransform.cpp */ = {isa = PBXFileReference; fileEncoding = 4; lastKnownFileType = sourcecode.cpp.cpp; path = CZAffineTransform.cpp; sourceTree = "<group>"; };
		2D3D07E61CF6894800775308 /* CZAffineTransform.h */ = {isa = PBXFileReference; fileEncoding = 4; lastKnownFileType = sourcecode.c.h; path = CZAffineTransform.h; sourceTree = "<group>"; };
		2D3D07E71CF6894800775308 /* CZColor.cpp */ = {isa = PBXFileReference; fileEncoding = 4; lastKnownFileType = sourcecode.cpp.cpp; path = CZColor.cpp; sourceTree = "<group>"; };
		2D3D07E81CF6894800775308 /* CZColor.h */ = {isa = PBXFileReference; fileEncoding = 4; lastKnownFileType = sourcecode.c.h; path = CZColor.h; sourceTree = "<group>"; };
		2D3D07E91CF6894800775308 /* CZImage.cpp */ = {isa = PBXFileReference; fileEncoding = 4; lastKnownFileType = sourcecode.cpp.cpp; path = CZImage.cpp; sourceTree = "<group>"; };
		2D3D07EA1CF6894800775308 /* CZImage.h */ = {isa = PBXFileReference; fileEncoding = 4; lastKnownFileType = sourcecode.c.h; path = CZImage.h; sourceTree = "<group>"; };
		2D3D07EB1CF6894800775308 /* CZMat4.cpp */ = {isa = PBXFileReference; fileEncoding = 4; lastKnownFileType = sourcecode.cpp.cpp; path = CZMat4.cpp; sourceTree = "<group>"; };
		2D3D07EC1CF6894800775308 /* CZMat4.h */ = {isa = PBXFileReference; fileEncoding = 4; lastKnownFileType = sourcecode.c.h; path = CZMat4.h; sourceTree = "<group>"; };
		2D3D07ED1CF6894800775308 /* CZProperty.cpp */ = {isa = PBXFileReference; fileEncoding = 4; lastKnownFileType = sourcecode.cpp.cpp; path = CZProperty.cpp; sourceTree = "<group>"; };
		2D3D07EE1CF6894800775308 /* CZProperty.h */ = {isa = PBXFileReference; fileEncoding = 4; lastKnownFileType = sourcecode.c.h; path = CZProperty.h; sourceTree = "<group>"; };
		2D3D07EF1CF6894800775308 /* CZRandom.cpp */ = {isa = PBXFileReference; fileEncoding = 4; lastKnownFileType = sourcecode.cpp.cpp; path = CZRandom.cpp; sourceTree = "<group>"; };
		2D3D07F01CF6894800775308 /* CZRandom.h */ = {isa = PBXFileReference; fileEncoding = 4; lastKnownFileType = sourcecode.c.h; path = CZRandom.h; sourceTree = "<group>"; };
		2D3D07F11CF6894800775308 /* CZRect.cpp */ = {isa = PBXFileReference; fileEncoding = 4; lastKnownFileType = sourcecode.cpp.cpp; path = CZRect.cpp; sourceTree = "<group>"; };
		2D3D07F21CF6894800775308 /* CZRect.h */ = {isa = PBXFileReference; fileEncoding = 4; lastKnownFileType = sourcecode.c.h; path = CZRect.h; sourceTree = "<group>"; };
		2D3D07F31CF6894800775308 /* CZSize.cpp */ = {isa = PBXFileReference; fileEncoding = 4; lastKnownFileType = sourcecode.cpp.cpp; path = CZSize.cpp; sourceTree = "<group>"; };
		2D3D07F41CF6894800775308 /* CZSize.h */ = {isa = PBXFileReference; fileEncoding = 4; lastKnownFileType = sourcecode.c.h; path = CZSize.h; sourceTree = "<group>"; };
		2D3D07F61CF6894800775308 /* CZBrush.cpp */ = {isa = PBXFileReference; fileEncoding = 4; lastKnownFileType = sourcecode.cpp.cpp; path = CZBrush.cpp; sourceTree = "<group>"; };
		2D3D07F71CF6894800775308 /* CZBrush.h */ = {isa = PBXFileReference; fileEncoding = 4; lastKnownFileType = sourcecode.c.h; path = CZBrush.h; sourceTree = "<group>"; };
		2D3D07F81CF6894800775308 /* CZBrushPreview.cpp */ = {isa = PBXFileReference; fileEncoding = 4; lastKnownFileType = sourcecode.cpp.cpp; path = CZBrushPreview.cpp; sourceTree = "<group>"; };
		2D3D07F91CF6894800775308 /* CZBrushPreview.h */ = {isa = PBXFileReference; fileEncoding = 4; lastKnownFileType = sourcecode.c.h; path = CZBrushPreview.h; sourceTree = "<group>"; };
		2D3D07FC1CF6894800775308 /* CZFbo.h */ = {isa = PBXFileReference; fileEncoding = 4; lastKnownFileType = sourcecode.c.h; path = CZFbo.h; sourceTree = "<group>"; };
		2D3D07FD1CF6894800775308 /* CZFbo.mm */ = {isa = PBXFileReference; fileEncoding = 4; lastKnownFileType = sourcecode.cpp.objcpp; path = CZFbo.mm; sourceTree = "<group>"; };
		2D3D07FF1CF6894800775308 /* CZGLContext.h */ = {isa = PBXFileReference; fileEncoding = 4; lastKnownFileType = sourcecode.c.h; path = CZGLContext.h; sourceTree = "<group>"; };
		2D3D08001CF6894800775308 /* CZGLContext.mm */ = {isa = PBXFileReference; fileEncoding = 4; lastKnownFileType = sourcecode.cpp.objcpp; path = CZGLContext.mm; sourceTree = "<group>"; };
		2D3D08011CF6894800775308 /* CZGLdef.h */ = {isa = PBXFileReference; fileEncoding = 4; lastKnownFileType = sourcecode.c.h; path = CZGLdef.h; sourceTree = "<group>"; };
		2D3D08021CF6894800775308 /* CZShader.cpp */ = {isa = PBXFileReference; fileEncoding = 4; lastKnownFileType = sourcecode.cpp.cpp; path = CZShader.cpp; sourceTree = "<group>"; };
		2D3D08031CF6894800775308 /* CZShader.h */ = {isa = PBXFileReference; fileEncoding = 4; lastKnownFileType = sourcecode.c.h; path = CZShader.h; sourceTree = "<group>"; };
		2D3D08041CF6894800775308 /* CZTexture.cpp */ = {isa = PBXFileReference; fileEncoding = 4; lastKnownFileType = sourcecode.cpp.cpp; path = CZTexture.cpp; sourceTree = "<group>"; };
		2D3D08051CF6894800775308 /* CZTexture.h */ = {isa = PBXFileReference; fileEncoding = 4; lastKnownFileType = sourcecode.c.h; path = CZTexture.h; sourceTree = "<group>"; };
		2D3D08071CF6894800775308 /* CZLayer.cpp */ = {isa = PBXFileReference; fileEncoding = 4; lastKnownFileType = sourcecode.cpp.cpp; path = CZLayer.cpp; sourceTree = "<group>"; };
		2D3D08081CF6894800775308 /* CZLayer.h */ = {isa = PBXFileReference; fileEncoding = 4; lastKnownFileType = sourcecode.c.h; path = CZLayer.h; sourceTree = "<group>"; };
		2D3D08091CF6894800775308 /* CZPainting.cpp */ = {isa = PBXFileReference; fileEncoding = 4; lastKnownFileType = sourcecode.cpp.cpp; path = CZPainting.cpp; sourceTree = "<group>"; };
		2D3D080A1CF6894800775308 /* CZPainting.h */ = {isa = PBXFileReference; fileEncoding = 4; lastKnownFileType = sourcecode.c.h; path = CZPainting.h; sourceTree = "<group>"; };
		2D3D080C1CF6894800775308 /* CZBezierNode.cpp */ = {isa = PBXFileReference; fileEncoding = 4; lastKnownFileType = sourcecode.cpp.cpp; path = CZBezierNode.cpp; sourceTree = "<group>"; };
		2D3D080D1CF6894800775308 /* CZBezierNode.h */ = {isa = PBXFileReference; fileEncoding = 4; lastKnownFileType = sourcecode.c.h; path = CZBezierNode.h; sourceTree = "<group>"; };
		2D3D080E1CF6894800775308 /* CZBezierSegment.cpp */ = {isa = PBXFileReference; fileEncoding = 4; lastKnownFileType = sourcecode.cpp.cpp; path = CZBezierSegment.cpp; sourceTree = "<group>"; };
		2D3D080F1CF6894800775308 /* CZBezierSegment.h */ = {isa = PBXFileReference; fileEncoding = 4; lastKnownFileType = sourcecode.c.h; path = CZBezierSegment.h; sourceTree = "<group>"; };
		2D3D08101CF6894800775308 /* CZPath.cpp */ = {isa = PBXFileReference; fileEncoding = 4; lastKnownFileType = sourcecode.cpp.cpp; path = CZPath.cpp; sourceTree = "<group>"; };
		2D3D08111CF6894800775308 /* CZPath.h */ = {isa = PBXFileReference; fileEncoding = 4; lastKnownFileType = sourcecode.c.h; path = CZPath.h; sourceTree = "<group>"; };
		2D3D08131CF6894800775308 /* CZCoder.h */ = {isa = PBXFileReference; fileEncoding = 4; lastKnownFileType = sourcecode.c.h; path = CZCoder.h; sourceTree = "<group>"; };
		2D3D08141CF6894800775308 /* CZCoding.h */ = {isa = PBXFileReference; fileEncoding = 4; lastKnownFileType = sourcecode.c.h; path = CZCoding.h; sourceTree = "<group>"; };
		2D3D08151CF6894800775308 /* CZDataProvider.h */ = {isa = PBXFileReference; fileEncoding = 4; lastKnownFileType = sourcecode.c.h; path = CZDataProvider.h; sourceTree = "<group>"; };
		2D3D08161CF6894800775308 /* CZDecoder.h */ = {isa = PBXFileReference; fileEncoding = 4; lastKnownFileType = sourcecode.c.h; path = CZDecoder.h; sourceTree = "<group>"; };
		2D3D08171CF6894800775308 /* CZFileCoder.cpp */ = {isa = PBXFileReference; fileEncoding = 4; lastKnownFileType = sourcecode.cpp.cpp; path = CZFileCoder.cpp; sourceTree = "<group>"; };
		2D3D08181CF6894800775308 /* CZFileCoder.h */ = {isa = PBXFileReference; fileEncoding = 4; lastKnownFileType = sourcecode.c.h; path = CZFileCoder.h; sourceTree = "<group>"; };
		2D3D08191CF6894800775308 /* CZTypedData.cpp */ = {isa = PBXFileReference; fileEncoding = 4; lastKnownFileType = sourcecode.cpp.cpp; path = CZTypedData.cpp; sourceTree = "<group>"; };
		2D3D081A1CF6894800775308 /* CZTypedData.h */ = {isa = PBXFileReference; fileEncoding = 4; lastKnownFileType = sourcecode.c.h; path = CZTypedData.h; sourceTree = "<group>"; };
		2D3D081C1CF6894800775308 /* CZBristleGenerator.cpp */ = {isa = PBXFileReference; fileEncoding = 4; lastKnownFileType = sourcecode.cpp.cpp; path = CZBristleGenerator.cpp; sourceTree = "<group>"; };
		2D3D081D1CF6894800775308 /* CZBristleGenerator.h */ = {isa = PBXFileReference; fileEncoding = 4; lastKnownFileType = sourcecode.c.h; path = CZBristleGenerator.h; sourceTree = "<group>"; };
		2D3D081E1CF6894800775308 /* CZRoundGenerator.cpp */ = {isa = PBXFileReference; fileEncoding = 4; lastKnownFileType = sourcecode.cpp.cpp; path = CZRoundGenerator.cpp; sourceTree = "<group>"; };
		2D3D081F1CF6894800775308 /* CZRoundGenerator.h */ = {isa = PBXFileReference; fileEncoding = 4; lastKnownFileType = sourcecode.c.h; path = CZRoundGenerator.h; sourceTree = "<group>"; };
		2D3D08201CF6894800775308 /* CZSpiralGenerator.cpp */ = {isa = PBXFileReference; fileEncoding = 4; lastKnownFileType = sourcecode.cpp.cpp; path = CZSpiralGenerator.cpp; sourceTree = "<group>"; };
		2D3D08211CF6894800775308 /* CZSpiralGenerator.h */ = {isa = PBXFileReference; fileEncoding = 4; lastKnownFileType = sourcecode.c.h; path = CZSpiralGenerator.h; sourceTree = "<group>"; };
		2D3D08221CF6894800775308 /* CZStampGenerator.cpp */ = {isa = PBXFileReference; fileEncoding = 4; lastKnownFileType = sourcecode.cpp.cpp; path = CZStampGenerator.cpp; sourceTree = "<group>"; };
		2D3D08231CF6894800775308 /* CZStampGenerator.h */ = {isa = PBXFileReference; fileEncoding = 4; lastKnownFileType = sourcecode.c.h; path = CZStampGenerator.h; sourceTree = "<group>"; };
		2D3D08251CF6894800775308 /* CZEraserTool.cpp */ = {isa = PBXFileReference; fileEncoding = 4; lastKnownFileType = sourcecode.cpp.cpp; path = CZEraserTool.cpp; sourceTree = "<group>"; };
		2D3D08261CF6894800775308 /* CZEraserTool.h */ = {isa = PBXFileReference; fileEncoding = 4; lastKnownFileType = sourcecode.c.h; path = CZEraserTool.h; sourceTree = "<group>"; };
		2D3D08271CF6894800775308 /* CZFreehandTool.cpp */ = {isa = PBXFileReference; fileEncoding = 4; lastKnownFileType = sourcecode.cpp.cpp; path = CZFreehandTool.cpp; sourceTree = "<group>"; };
		2D3D08281CF6894800775308 /* CZFreehandTool.h */ = {isa = PBXFileReference; fileEncoding = 4; lastKnownFileType = sourcecode.c.h; path = CZFreehandTool.h; sourceTree = "<group>"; };
		2D3D08291CF6894800775308 /* CZLog.h */ = {isa = PBXFileReference; fileEncoding = 4; lastKnownFileType = sourcecode.c.h; path = CZLog.h; sourceTree = "<group>"; };
		2D3D082A1CF6894800775308 /* CZTool.cpp */ = {isa = PBXFileReference; fileEncoding = 4; lastKnownFileType = sourcecode.cpp.cpp; path = CZTool.cpp; sourceTree = "<group>"; };
		2D3D082B1CF6894800775308 /* CZTool.h */ = {isa = PBXFileReference; fileEncoding = 4; lastKnownFileType = sourcecode.c.h; path = CZTool.h; sourceTree = "<group>"; };
		2D3D08AC1CF846D300775308 /* Actions.h */ = {isa = PBXFileReference; fileEncoding = 4; lastKnownFileType = sourcecode.c.h; path = Actions.h; sourceTree = "<group>"; };
		2D3D08AD1CF846D300775308 /* Actions.m */ = {isa = PBXFileReference; fileEncoding = 4; lastKnownFileType = sourcecode.c.objc; path = Actions.m; sourceTree = "<group>"; };
		2D3D08AE1CF846D300775308 /* PaintingNameManager.h */ = {isa = PBXFileReference; fileEncoding = 4; lastKnownFileType = sourcecode.c.h; path = PaintingNameManager.h; sourceTree = "<group>"; };
		2D3D08AF1CF846D300775308 /* PaintingNameManager.m */ = {isa = PBXFileReference; fileEncoding = 4; lastKnownFileType = sourcecode.c.objc; path = PaintingNameManager.m; sourceTree = "<group>"; };
		2D4F33701AE3FAA10067D7A6 /* UIKit.framework */ = {isa = PBXFileReference; lastKnownFileType = wrapper.framework; name = UIKit.framework; path = System/Library/Frameworks/UIKit.framework; sourceTree = SDKROOT; };
		2DCD5C671CF452030083BC43 /* BrushesCore.h */ = {isa = PBXFileReference; fileEncoding = 4; lastKnownFileType = sourcecode.c.h; name = BrushesCore.h; path = ../../../core/src/BrushesCore.h; sourceTree = "<group>"; };
		2DCD5C681CF452030083BC43 /* CZActiveState.cpp */ = {isa = PBXFileReference; fileEncoding = 4; lastKnownFileType = sourcecode.cpp.cpp; name = CZActiveState.cpp; path = ../../../core/src/CZActiveState.cpp; sourceTree = "<group>"; };
		2DCD5C691CF452030083BC43 /* CZActiveState.h */ = {isa = PBXFileReference; fileEncoding = 4; lastKnownFileType = sourcecode.c.h; name = CZActiveState.h; path = ../../../core/src/CZActiveState.h; sourceTree = "<group>"; };
		2DCD5C6A1CF452030083BC43 /* CZBrushCell.h */ = {isa = PBXFileReference; fileEncoding = 4; lastKnownFileType = sourcecode.c.h; name = CZBrushCell.h; path = ../../../core/src/CZBrushCell.h; sourceTree = "<group>"; };
		2DCD5C6B1CF452030083BC43 /* CZBrushController.h */ = {isa = PBXFileReference; fileEncoding = 4; lastKnownFileType = sourcecode.c.h; name = CZBrushController.h; path = ../../../core/src/CZBrushController.h; sourceTree = "<group>"; };
		2DCD5C6D1CF452030083BC43 /* CZCanvas.cpp */ = {isa = PBXFileReference; fileEncoding = 4; lastKnownFileType = sourcecode.cpp.cpp; name = CZCanvas.cpp; path = ../../../core/src/CZCanvas.cpp; sourceTree = "<group>"; };
		2DCD5C6E1CF452030083BC43 /* CZCanvas.h */ = {isa = PBXFileReference; fileEncoding = 4; lastKnownFileType = sourcecode.c.h; name = CZCanvas.h; path = ../../../core/src/CZCanvas.h; sourceTree = "<group>"; };
		2DCD5C6F1CF452030083BC43 /* CZColorBalance.cpp */ = {isa = PBXFileReference; fileEncoding = 4; lastKnownFileType = sourcecode.cpp.cpp; name = CZColorBalance.cpp; path = ../../../core/src/CZColorBalance.cpp; sourceTree = "<group>"; };
		2DCD5C701CF452030083BC43 /* CZColorBalance.h */ = {isa = PBXFileReference; fileEncoding = 4; lastKnownFileType = sourcecode.c.h; name = CZColorBalance.h; path = ../../../core/src/CZColorBalance.h; sourceTree = "<group>"; };
		2DCD5C711CF452030083BC43 /* CZDefine.h */ = {isa = PBXFileReference; fileEncoding = 4; lastKnownFileType = sourcecode.c.h; name = CZDefine.h; path = ../../../core/src/CZDefine.h; sourceTree = "<group>"; };
		2DCD5C721CF452030083BC43 /* CZFileManager.cpp */ = {isa = PBXFileReference; fileEncoding = 4; lastKnownFileType = sourcecode.cpp.cpp; name = CZFileManager.cpp; path = ../../../core/src/CZFileManager.cpp; sourceTree = "<group>"; };
		2DCD5C731CF452030083BC43 /* CZFileManager.h */ = {isa = PBXFileReference; fileEncoding = 4; lastKnownFileType = sourcecode.c.h; name = CZFileManager.h; path = ../../../core/src/CZFileManager.h; sourceTree = "<group>"; };
		2DCD5C741CF452030083BC43 /* CZHueSaturation.cpp */ = {isa = PBXFileReference; fileEncoding = 4; lastKnownFileType = sourcecode.cpp.cpp; name = CZHueSaturation.cpp; path = ../../../core/src/CZHueSaturation.cpp; sourceTree = "<group>"; };
		2DCD5C751CF452030083BC43 /* CZHueSaturation.h */ = {isa = PBXFileReference; fileEncoding = 4; lastKnownFileType = sourcecode.c.h; name = CZHueSaturation.h; path = ../../../core/src/CZHueSaturation.h; sourceTree = "<group>"; };
		2DCD5C761CF452030083BC43 /* CZNotificationCenter.cpp */ = {isa = PBXFileReference; fileEncoding = 4; lastKnownFileType = sourcecode.cpp.cpp; name = CZNotificationCenter.cpp; path = ../../../core/src/CZNotificationCenter.cpp; sourceTree = "<group>"; };
		2DCD5C771CF452030083BC43 /* CZNotificationCenter.h */ = {isa = PBXFileReference; fileEncoding = 4; lastKnownFileType = sourcecode.c.h; name = CZNotificationCenter.h; path = ../../../core/src/CZNotificationCenter.h; sourceTree = "<group>"; };
		2DCD5C781CF452030083BC43 /* CZUndoManager.h */ = {isa = PBXFileReference; fileEncoding = 4; lastKnownFileType = sourcecode.c.h; name = CZUndoManager.h; path = ../../../core/src/CZUndoManager.h; sourceTree = "<group>"; };
		2DCD5C791CF452030083BC43 /* CZUtil.cpp */ = {isa = PBXFileReference; fileEncoding = 4; lastKnownFileType = sourcecode.cpp.cpp; name = CZUtil.cpp; path = ../../../core/src/CZUtil.cpp; sourceTree = "<group>"; };
		2DCD5C7A1CF452030083BC43 /* CZUtil.h */ = {isa = PBXFileReference; fileEncoding = 4; lastKnownFileType = sourcecode.c.h; name = CZUtil.h; path = ../../../core/src/CZUtil.h; sourceTree = "<group>"; };
/* End PBXFileReference section */

/* Begin PBXFrameworksBuildPhase section */
		2D2BE5281A0C9196003724D4 /* Frameworks */ = {
			isa = PBXFrameworksBuildPhase;
			buildActionMask = 2147483647;
			files = (
				2D4F33711AE3FAA10067D7A6 /* UIKit.framework in Frameworks */,
				2D2BE52F1A0C9196003724D4 /* Foundation.framework in Frameworks */,
			);
			runOnlyForDeploymentPostprocessing = 0;
		};
/* End PBXFrameworksBuildPhase section */

/* Begin PBXGroup section */
		2D2BE5221A0C9196003724D4 = {
			isa = PBXGroup;
			children = (
				2D3D07171CF58CE000775308 /* Common */,
				2D2BE5301A0C9196003724D4 /* BrushesCore */,
				2D2BE5441A0C9196003724D4 /* BrushesCoreTests */,
				2D2BE52D1A0C9196003724D4 /* Frameworks */,
				2D2BE52C1A0C9196003724D4 /* Products */,
			);
			sourceTree = "<group>";
		};
		2D2BE52C1A0C9196003724D4 /* Products */ = {
			isa = PBXGroup;
			children = (
				2D2BE52B1A0C9196003724D4 /* libBrushesCore.a */,
			);
			name = Products;
			sourceTree = "<group>";
		};
		2D2BE52D1A0C9196003724D4 /* Frameworks */ = {
			isa = PBXGroup;
			children = (
				2D4F33701AE3FAA10067D7A6 /* UIKit.framework */,
				2D2BE52E1A0C9196003724D4 /* Foundation.framework */,
				2D2BE53C1A0C9196003724D4 /* XCTest.framework */,
				2D2BE53F1A0C9196003724D4 /* UIKit.framework */,
			);
			name = Frameworks;
			sourceTree = "<group>";
		};
		2D2BE5301A0C9196003724D4 /* BrushesCore */ = {
			isa = PBXGroup;
			children = (
				2D3D07E01CF6894800775308 /* basic */,
				2D3D07F51CF6894800775308 /* brush */,
				2D3D07FA1CF6894800775308 /* graphic */,
				2D3D08061CF6894800775308 /* painting */,
				2D3D080B1CF6894800775308 /* path */,
				2D3D08121CF6894800775308 /* serialization */,
				2D3D081B1CF6894800775308 /* stamp */,
				2D3D08241CF6894800775308 /* tool */,
				2DCD5C671CF452030083BC43 /* BrushesCore.h */,
				2DCD5C681CF452030083BC43 /* CZActiveState.cpp */,
				2DCD5C691CF452030083BC43 /* CZActiveState.h */,
				2DCD5C6A1CF452030083BC43 /* CZBrushCell.h */,
				2DCD5C6B1CF452030083BC43 /* CZBrushController.h */,
				2DCD5C6D1CF452030083BC43 /* CZCanvas.cpp */,
				2DCD5C6E1CF452030083BC43 /* CZCanvas.h */,
				2DCD5C6F1CF452030083BC43 /* CZColorBalance.cpp */,
				2DCD5C701CF452030083BC43 /* CZColorBalance.h */,
				2DCD5C711CF452030083BC43 /* CZDefine.h */,
				2DCD5C721CF452030083BC43 /* CZFileManager.cpp */,
				2DCD5C731CF452030083BC43 /* CZFileManager.h */,
				2DCD5C741CF452030083BC43 /* CZHueSaturation.cpp */,
				2DCD5C751CF452030083BC43 /* CZHueSaturation.h */,
				2DCD5C761CF452030083BC43 /* CZNotificationCenter.cpp */,
				2DCD5C771CF452030083BC43 /* CZNotificationCenter.h */,
				2DCD5C781CF452030083BC43 /* CZUndoManager.h */,
				2DCD5C791CF452030083BC43 /* CZUtil.cpp */,
				2DCD5C7A1CF452030083BC43 /* CZUtil.h */,
				2D2BE5311A0C9196003724D4 /* Supporting Files */,
			);
			path = BrushesCore;
			sourceTree = "<group>";
		};
		2D2BE5311A0C9196003724D4 /* Supporting Files */ = {
			isa = PBXGroup;
			children = (
				2D2BE5321A0C9196003724D4 /* BrushesCore-Prefix.pch */,
			);
			name = "Supporting Files";
			sourceTree = "<group>";
		};
		2D2BE5441A0C9196003724D4 /* BrushesCoreTests */ = {
			isa = PBXGroup;
			children = (
				2D2BE5451A0C9196003724D4 /* Supporting Files */,
			);
			path = BrushesCoreTests;
			sourceTree = "<group>";
		};
		2D2BE5451A0C9196003724D4 /* Supporting Files */ = {
			isa = PBXGroup;
			children = (
				2D2BE5461A0C9196003724D4 /* BrushesCoreTests-Info.plist */,
				2D2BE5471A0C9196003724D4 /* InfoPlist.strings */,
			);
			name = "Supporting Files";
			sourceTree = "<group>";
		};
		2D3D07171CF58CE000775308 /* Common */ = {
			isa = PBXGroup;
			children = (
				2D3D08AB1CF846D300775308 /* Models */,
				2D3D07611CF5927F00775308 /* Additions */,
				2D3D07261CF58D2400775308 /* Interface */,
				2D3D071D1CF58CFA00775308 /* Views */,
			);
			name = Common;
			sourceTree = "<group>";
		};
		2D3D071D1CF58CFA00775308 /* Views */ = {
			isa = PBXGroup;
			children = (
				2D3D071E1CF58CFA00775308 /* BrushSizePannelView.h */,
				2D3D071F1CF58CFA00775308 /* BrushSizePannelView.m */,
				2D3D07201CF58CFA00775308 /* TransformOverlayer.h */,
				2D3D07211CF58CFA00775308 /* TransformOverlayer.m */,
			);
			name = Views;
			path = ../common/Views;
			sourceTree = "<group>";
		};
		2D3D07261CF58D2400775308 /* Interface */ = {
			isa = PBXGroup;
			children = (
				2D3D07271CF58D2400775308 /* CanvasView.h */,
				2D3D07281CF58D2400775308 /* CanvasView.mm */,
				2D3D07291CF58D2400775308 /* CZViewImpl.h */,
				2D3D072A1CF58D2400775308 /* CZViewImpl.mm */,
				2D3D072B1CF58D2400775308 /* HYBrushCore.h */,
				2D3D072C1CF58D2400775308 /* HYBrushCore.mm */,
			);
			name = Interface;
			path = ../common/Interface;
			sourceTree = "<group>";
		};
		2D3D07611CF5927F00775308 /* Additions */ = {
			isa = PBXGroup;
			children = (
				2D3D07621CF5927F00775308 /* UIImage+Resize.h */,
				2D3D07631CF5927F00775308 /* UIImage+Resize.m */,
			);
			name = Additions;
			path = ../common/Additions;
			sourceTree = "<group>";
		};
		2D3D07E01CF6894800775308 /* basic */ = {
			isa = PBXGroup;
			children = (
				2D3D07E11CF6894800775308 /* CZ2DPoint.cpp */,
				2D3D07E21CF6894800775308 /* CZ2DPoint.h */,
				2D3D07E31CF6894800775308 /* CZ3DPoint.cpp */,
				2D3D07E41CF6894800775308 /* CZ3DPoint.h */,
				2D3D07E51CF6894800775308 /* CZAffineTransform.cpp */,
				2D3D07E61CF6894800775308 /* CZAffineTransform.h */,
				2D3D07E71CF6894800775308 /* CZColor.cpp */,
				2D3D07E81CF6894800775308 /* CZColor.h */,
				2D3D07E91CF6894800775308 /* CZImage.cpp */,
				2D3D07EA1CF6894800775308 /* CZImage.h */,
				2D3D07EB1CF6894800775308 /* CZMat4.cpp */,
				2D3D07EC1CF6894800775308 /* CZMat4.h */,
				2D3D07ED1CF6894800775308 /* CZProperty.cpp */,
				2D3D07EE1CF6894800775308 /* CZProperty.h */,
				2D3D07EF1CF6894800775308 /* CZRandom.cpp */,
				2D3D07F01CF6894800775308 /* CZRandom.h */,
				2D3D07F11CF6894800775308 /* CZRect.cpp */,
				2D3D07F21CF6894800775308 /* CZRect.h */,
				2D3D07F31CF6894800775308 /* CZSize.cpp */,
				2D3D07F41CF6894800775308 /* CZSize.h */,
			);
			name = basic;
			path = ../../../core/src/basic;
			sourceTree = "<group>";
		};
		2D3D07F51CF6894800775308 /* brush */ = {
			isa = PBXGroup;
			children = (
				2D3D07F61CF6894800775308 /* CZBrush.cpp */,
				2D3D07F71CF6894800775308 /* CZBrush.h */,
				2D3D07F81CF6894800775308 /* CZBrushPreview.cpp */,
				2D3D07F91CF6894800775308 /* CZBrushPreview.h */,
			);
			name = brush;
			path = ../../../core/src/brush;
			sourceTree = "<group>";
		};
		2D3D07FA1CF6894800775308 /* graphic */ = {
			isa = PBXGroup;
			children = (
				2D3D07FC1CF6894800775308 /* CZFbo.h */,
				2D3D07FD1CF6894800775308 /* CZFbo.mm */,
				2D3D07FF1CF6894800775308 /* CZGLContext.h */,
				2D3D08001CF6894800775308 /* CZGLContext.mm */,
				2D3D08011CF6894800775308 /* CZGLdef.h */,
				2D3D08021CF6894800775308 /* CZShader.cpp */,
				2D3D08031CF6894800775308 /* CZShader.h */,
				2D3D08041CF6894800775308 /* CZTexture.cpp */,
				2D3D08051CF6894800775308 /* CZTexture.h */,
			);
			name = graphic;
			path = ../../../core/src/graphic;
			sourceTree = "<group>";
		};
		2D3D08061CF6894800775308 /* painting */ = {
			isa = PBXGroup;
			children = (
				2D3D08071CF6894800775308 /* CZLayer.cpp */,
				2D3D08081CF6894800775308 /* CZLayer.h */,
				2D3D08091CF6894800775308 /* CZPainting.cpp */,
				2D3D080A1CF6894800775308 /* CZPainting.h */,
			);
			name = painting;
			path = ../../../core/src/painting;
			sourceTree = "<group>";
		};
		2D3D080B1CF6894800775308 /* path */ = {
			isa = PBXGroup;
			children = (
				2D3D080C1CF6894800775308 /* CZBezierNode.cpp */,
				2D3D080D1CF6894800775308 /* CZBezierNode.h */,
				2D3D080E1CF6894800775308 /* CZBezierSegment.cpp */,
				2D3D080F1CF6894800775308 /* CZBezierSegment.h */,
				2D3D08101CF6894800775308 /* CZPath.cpp */,
				2D3D08111CF6894800775308 /* CZPath.h */,
			);
			name = path;
			path = ../../../core/src/path;
			sourceTree = "<group>";
		};
		2D3D08121CF6894800775308 /* serialization */ = {
			isa = PBXGroup;
			children = (
				2D3D08131CF6894800775308 /* CZCoder.h */,
				2D3D08141CF6894800775308 /* CZCoding.h */,
				2D3D08151CF6894800775308 /* CZDataProvider.h */,
				2D3D08161CF6894800775308 /* CZDecoder.h */,
				2D3D08171CF6894800775308 /* CZFileCoder.cpp */,
				2D3D08181CF6894800775308 /* CZFileCoder.h */,
				2D3D08191CF6894800775308 /* CZTypedData.cpp */,
				2D3D081A1CF6894800775308 /* CZTypedData.h */,
			);
			name = serialization;
			path = ../../../core/src/serialization;
			sourceTree = "<group>";
		};
		2D3D081B1CF6894800775308 /* stamp */ = {
			isa = PBXGroup;
			children = (
				2D3D081C1CF6894800775308 /* CZBristleGenerator.cpp */,
				2D3D081D1CF6894800775308 /* CZBristleGenerator.h */,
				2D3D081E1CF6894800775308 /* CZRoundGenerator.cpp */,
				2D3D081F1CF6894800775308 /* CZRoundGenerator.h */,
				2D3D08201CF6894800775308 /* CZSpiralGenerator.cpp */,
				2D3D08211CF6894800775308 /* CZSpiralGenerator.h */,
				2D3D08221CF6894800775308 /* CZStampGenerator.cpp */,
				2D3D08231CF6894800775308 /* CZStampGenerator.h */,
			);
			name = stamp;
			path = ../../../core/src/stamp;
			sourceTree = "<group>";
		};
		2D3D08241CF6894800775308 /* tool */ = {
			isa = PBXGroup;
			children = (
				2D3D08251CF6894800775308 /* CZEraserTool.cpp */,
				2D3D08261CF6894800775308 /* CZEraserTool.h */,
				2D3D08271CF6894800775308 /* CZFreehandTool.cpp */,
				2D3D08281CF6894800775308 /* CZFreehandTool.h */,
				2D3D08291CF6894800775308 /* CZLog.h */,
				2D3D082A1CF6894800775308 /* CZTool.cpp */,
				2D3D082B1CF6894800775308 /* CZTool.h */,
			);
			name = tool;
			path = ../../../core/src/tool;
			sourceTree = "<group>";
		};
		2D3D08AB1CF846D300775308 /* Models */ = {
			isa = PBXGroup;
			children = (
				2D3D08AC1CF846D300775308 /* Actions.h */,
				2D3D08AD1CF846D300775308 /* Actions.m */,
				2D3D08AE1CF846D300775308 /* PaintingNameManager.h */,
				2D3D08AF1CF846D300775308 /* PaintingNameManager.m */,
			);
			name = Models;
			path = ../common/Models;
			sourceTree = "<group>";
		};
/* End PBXGroup section */

/* Begin PBXNativeTarget section */
		2D2BE52A1A0C9196003724D4 /* BrushesCore */ = {
			isa = PBXNativeTarget;
			buildConfigurationList = 2D2BE54E1A0C9196003724D4 /* Build configuration list for PBXNativeTarget "BrushesCore" */;
			buildPhases = (
				2D2BE5271A0C9196003724D4 /* Sources */,
				2D2BE5281A0C9196003724D4 /* Frameworks */,
				2D2BE5291A0C9196003724D4 /* CopyFiles */,
			);
			buildRules = (
			);
			dependencies = (
			);
			name = BrushesCore;
			productName = BrushesCore;
			productReference = 2D2BE52B1A0C9196003724D4 /* libBrushesCore.a */;
			productType = "com.apple.product-type.library.static";
		};
/* End PBXNativeTarget section */

/* Begin PBXProject section */
		2D2BE5231A0C9196003724D4 /* Project object */ = {
			isa = PBXProject;
			attributes = {
				LastUpgradeCheck = 0730;
				ORGANIZATIONNAME = CharlyZhang;
				TargetAttributes = {
					60B1B8CC1CF45FF800C99E92 = {
						CreatedOnToolsVersion = 7.3.1;
					};
				};
			};
			buildConfigurationList = 2D2BE5261A0C9196003724D4 /* Build configuration list for PBXProject "BrushesCore" */;
			compatibilityVersion = "Xcode 3.2";
			developmentRegion = English;
			hasScannedForEncodings = 0;
			knownRegions = (
				en,
			);
			mainGroup = 2D2BE5221A0C9196003724D4;
			productRefGroup = 2D2BE52C1A0C9196003724D4 /* Products */;
			projectDirPath = "";
			projectRoot = "";
			targets = (
				2D2BE52A1A0C9196003724D4 /* BrushesCore */,
				60B1B8CC1CF45FF800C99E92 /* Universal */,
			);
		};
/* End PBXProject section */

/* Begin PBXShellScriptBuildPhase section */
		60B1B8D01CF4600100C99E92 /* ShellScript */ = {
			isa = PBXShellScriptBuildPhase;
			buildActionMask = 2147483647;
			files = (
			);
			inputPaths = (
			);
			outputPaths = (
			);
			runOnlyForDeploymentPostprocessing = 0;
			shellPath = /bin/sh;
			shellScript = "# define output folder environment variable\nUNIVERSAL_OUTPUTFOLDER=${BUILD_DIR}/${CONFIGURATION}-universal\n\n# Step 1. Build Device and Simulator versions\nxcodebuild -target BrushesCore ONLY_ACTIVE_ARCH=NO -configuration ${CONFIGURATION} -sdk iphoneos  BUILD_DIR=\"${BUILD_DIR}\" BUILD_ROOT=\"${BUILD_ROOT}\"\nxcodebuild -target BrushesCore -configuration ${CONFIGURATION} -sdk iphonesimulator -arch i386 -arch x86_64  BUILD_DIR=\"${BUILD_DIR}\" BUILD_ROOT=\"${BUILD_ROOT}\"\n\n# make sure the output directory exists\nmkdir -p \"${UNIVERSAL_OUTPUTFOLDER}\"\n\n# Step 2. Create universal binary file using lipo\nlipo -create -output \"${UNIVERSAL_OUTPUTFOLDER}/lib${PROJECT_NAME}.a\" \"${BUILD_DIR}/${CONFIGURATION}-iphoneos/lib${PROJECT_NAME}.a\" \"${BUILD_DIR}/${CONFIGURATION}-iphonesimulator/lib${PROJECT_NAME}.a\"\n\n# Last touch. copy the header files. Just for convenience\ncp -R \"${BUILD_DIR}/${CONFIGURATION}-iphoneos/include\" \"${UNIVERSAL_OUTPUTFOLDER}/\"";
		};
/* End PBXShellScriptBuildPhase section */

/* Begin PBXSourcesBuildPhase section */
		2D2BE5271A0C9196003724D4 /* Sources */ = {
			isa = PBXSourcesBuildPhase;
			buildActionMask = 2147483647;
			files = (
				2D3D08311CF6894800775308 /* CZMat4.cpp in Sources */,
				2D3D07321CF58D2400775308 /* CanvasView.mm in Sources */,
				2D3D08471CF6894800775308 /* CZSpiralGenerator.cpp in Sources */,
				2D3D08451CF6894800775308 /* CZBristleGenerator.cpp in Sources */,
				2DCD5C7D1CF452030083BC43 /* CZCanvas.cpp in Sources */,
				2D3D083B1CF6894800775308 /* CZGLContext.mm in Sources */,
				2D3D08481CF6894800775308 /* CZStampGenerator.cpp in Sources */,
				2DCD5C821CF452030083BC43 /* CZUtil.cpp in Sources */,
				2D3D08431CF6894800775308 /* CZFileCoder.cpp in Sources */,
				2D3D082F1CF6894800775308 /* CZColor.cpp in Sources */,
				2D3D08321CF6894800775308 /* CZProperty.cpp in Sources */,
				2D3D08301CF6894800775308 /* CZImage.cpp in Sources */,
				2D3D083D1CF6894800775308 /* CZTexture.cpp in Sources */,
				2D3D07341CF58D2400775308 /* HYBrushCore.mm in Sources */,
				2D3D08351CF6894800775308 /* CZSize.cpp in Sources */,
				2D3D07331CF58D2400775308 /* CZViewImpl.mm in Sources */,
				2D3D082D1CF6894800775308 /* CZ3DPoint.cpp in Sources */,
				2D3D08361CF6894800775308 /* CZBrush.cpp in Sources */,
				2D3D07661CF5927F00775308 /* UIImage+Resize.m in Sources */,
				2D3D08391CF6894800775308 /* CZFbo.mm in Sources */,
				2D3D08371CF6894800775308 /* CZBrushPreview.cpp in Sources */,
				2D3D08B11CF846D300775308 /* PaintingNameManager.m in Sources */,
				2D3D08401CF6894800775308 /* CZBezierNode.cpp in Sources */,
				2D3D08491CF6894800775308 /* CZEraserTool.cpp in Sources */,
				2DCD5C7B1CF452030083BC43 /* CZActiveState.cpp in Sources */,
				2D3D083C1CF6894800775308 /* CZShader.cpp in Sources */,
				2D3D08331CF6894800775308 /* CZRandom.cpp in Sources */,
				2D3D07241CF58CFA00775308 /* BrushSizePannelView.m in Sources */,
				2D3D08341CF6894800775308 /* CZRect.cpp in Sources */,
				2D3D083F1CF6894800775308 /* CZPainting.cpp in Sources */,
				2D3D08461CF6894800775308 /* CZRoundGenerator.cpp in Sources */,
				2D3D084A1CF6894800775308 /* CZFreehandTool.cpp in Sources */,
				2D3D084B1CF6894800775308 /* CZTool.cpp in Sources */,
				2D3D07251CF58CFA00775308 /* TransformOverlayer.m in Sources */,
				2DCD5C801CF452030083BC43 /* CZHueSaturation.cpp in Sources */,
				2D3D08441CF6894800775308 /* CZTypedData.cpp in Sources */,
				2D3D082E1CF6894800775308 /* CZAffineTransform.cpp in Sources */,
				2D3D082C1CF6894800775308 /* CZ2DPoint.cpp in Sources */,
				2D3D08B01CF846D300775308 /* Actions.m in Sources */,
				2D3D083E1CF6894800775308 /* CZLayer.cpp in Sources */,
				2D3D08411CF6894800775308 /* CZBezierSegment.cpp in Sources */,
				2DCD5C811CF452030083BC43 /* CZNotificationCenter.cpp in Sources */,
				2DCD5C7E1CF452030083BC43 /* CZColorBalance.cpp in Sources */,
				2DCD5C7F1CF452030083BC43 /* CZFileManager.cpp in Sources */,
				2D3D08421CF6894800775308 /* CZPath.cpp in Sources */,
			);
			runOnlyForDeploymentPostprocessing = 0;
		};
/* End PBXSourcesBuildPhase section */

/* Begin PBXVariantGroup section */
		2D2BE5471A0C9196003724D4 /* InfoPlist.strings */ = {
			isa = PBXVariantGroup;
			children = (
				2D2BE5481A0C9196003724D4 /* en */,
			);
			name = InfoPlist.strings;
			sourceTree = "<group>";
		};
/* End PBXVariantGroup section */

/* Begin XCBuildConfiguration section */
		2D2BE54C1A0C9196003724D4 /* Debug */ = {
			isa = XCBuildConfiguration;
			buildSettings = {
				ALWAYS_SEARCH_USER_PATHS = NO;
				CLANG_CXX_LANGUAGE_STANDARD = "gnu++0x";
				CLANG_CXX_LIBRARY = "libc++";
				CLANG_ENABLE_MODULES = YES;
				CLANG_ENABLE_OBJC_ARC = NO;
				CLANG_WARN_BOOL_CONVERSION = YES;
				CLANG_WARN_CONSTANT_CONVERSION = YES;
				CLANG_WARN_DIRECT_OBJC_ISA_USAGE = YES_ERROR;
				CLANG_WARN_EMPTY_BODY = YES;
				CLANG_WARN_ENUM_CONVERSION = YES;
				CLANG_WARN_INT_CONVERSION = YES;
				CLANG_WARN_OBJC_ROOT_CLASS = YES_ERROR;
				CLANG_WARN__DUPLICATE_METHOD_MATCH = YES;
				CODE_SIGN_IDENTITY = "iPhone Developer: LI Leichuan (YK29UXBS4P)";
				COPY_PHASE_STRIP = NO;
				ENABLE_TESTABILITY = YES;
				GCC_C_LANGUAGE_STANDARD = gnu99;
				GCC_DYNAMIC_NO_PIC = NO;
				GCC_OPTIMIZATION_LEVEL = 0;
				GCC_PREPROCESSOR_DEFINITIONS = (
					"DEBUG=1",
					"$(inherited)",
				);
				GCC_SYMBOLS_PRIVATE_EXTERN = NO;
				GCC_WARN_64_TO_32_BIT_CONVERSION = YES;
				GCC_WARN_ABOUT_RETURN_TYPE = YES_ERROR;
				GCC_WARN_UNDECLARED_SELECTOR = YES;
				GCC_WARN_UNINITIALIZED_AUTOS = YES_AGGRESSIVE;
				GCC_WARN_UNUSED_FUNCTION = YES;
				GCC_WARN_UNUSED_VARIABLE = YES;
				IPHONEOS_DEPLOYMENT_TARGET = 7.0;
				ONLY_ACTIVE_ARCH = YES;
				PROVISIONING_PROFILE = "b909e209-7685-42aa-8376-024af2761152";
				SDKROOT = iphoneos;
			};
			name = Debug;
		};
		2D2BE54D1A0C9196003724D4 /* Release */ = {
			isa = XCBuildConfiguration;
			buildSettings = {
				ALWAYS_SEARCH_USER_PATHS = NO;
				CLANG_CXX_LANGUAGE_STANDARD = "gnu++0x";
				CLANG_CXX_LIBRARY = "libc++";
				CLANG_ENABLE_MODULES = YES;
				CLANG_ENABLE_OBJC_ARC = NO;
				CLANG_WARN_BOOL_CONVERSION = YES;
				CLANG_WARN_CONSTANT_CONVERSION = YES;
				CLANG_WARN_DIRECT_OBJC_ISA_USAGE = YES_ERROR;
				CLANG_WARN_EMPTY_BODY = YES;
				CLANG_WARN_ENUM_CONVERSION = YES;
				CLANG_WARN_INT_CONVERSION = YES;
				CLANG_WARN_OBJC_ROOT_CLASS = YES_ERROR;
				CLANG_WARN__DUPLICATE_METHOD_MATCH = YES;
				CODE_SIGN_IDENTITY = "iPhone Developer: LI Leichuan (YK29UXBS4P)";
				COPY_PHASE_STRIP = YES;
				ENABLE_NS_ASSERTIONS = NO;
				GCC_C_LANGUAGE_STANDARD = gnu99;
				GCC_WARN_64_TO_32_BIT_CONVERSION = YES;
				GCC_WARN_ABOUT_RETURN_TYPE = YES_ERROR;
				GCC_WARN_UNDECLARED_SELECTOR = YES;
				GCC_WARN_UNINITIALIZED_AUTOS = YES_AGGRESSIVE;
				GCC_WARN_UNUSED_FUNCTION = YES;
				GCC_WARN_UNUSED_VARIABLE = YES;
				IPHONEOS_DEPLOYMENT_TARGET = 7.0;
				PROVISIONING_PROFILE = "b909e209-7685-42aa-8376-024af2761152";
				SDKROOT = iphoneos;
				VALIDATE_PRODUCT = YES;
			};
			name = Release;
		};
		2D2BE54F1A0C9196003724D4 /* Debug */ = {
			isa = XCBuildConfiguration;
			buildSettings = {
				CLANG_ENABLE_OBJC_ARC = YES;
				DSTROOT = /tmp/BrushesCore.dst;
				GCC_PRECOMPILE_PREFIX_HEADER = YES;
				GCC_PREFIX_HEADER = "BrushesCore/BrushesCore-Prefix.pch";
				OTHER_LDFLAGS = "-ObjC";
				PRODUCT_NAME = "$(TARGET_NAME)";
				PROVISIONING_PROFILE = "35cdd2d2-bb8c-483f-94fa-19e6ce115a97";
				SKIP_INSTALL = YES;
				SYMROOT = build;
			};
			name = Debug;
		};
		2D2BE5501A0C9196003724D4 /* Release */ = {
			isa = XCBuildConfiguration;
			buildSettings = {
				CLANG_ENABLE_OBJC_ARC = YES;
				DSTROOT = /tmp/BrushesCore.dst;
				GCC_PRECOMPILE_PREFIX_HEADER = YES;
				GCC_PREFIX_HEADER = "BrushesCore/BrushesCore-Prefix.pch";
				OTHER_LDFLAGS = "-ObjC";
				PRODUCT_NAME = "$(TARGET_NAME)";
				PROVISIONING_PROFILE = "35cdd2d2-bb8c-483f-94fa-19e6ce115a97";
				SKIP_INSTALL = YES;
			};
			name = Release;
		};
		60B1B8CE1CF45FF800C99E92 /* Debug */ = {
			isa = XCBuildConfiguration;
			buildSettings = {
				PRODUCT_NAME = "$(TARGET_NAME)";
			};
			name = Debug;
		};
		60B1B8CF1CF45FF800C99E92 /* Release */ = {
			isa = XCBuildConfiguration;
			buildSettings = {
				PRODUCT_NAME = "$(TARGET_NAME)";
			};
			name = Release;
		};
/* End XCBuildConfiguration section */

/* Begin XCConfigurationList section */
		2D2BE5261A0C9196003724D4 /* Build configuration list for PBXProject "BrushesCore" */ = {
			isa = XCConfigurationList;
			buildConfigurations = (
				2D2BE54C1A0C9196003724D4 /* Debug */,
				2D2BE54D1A0C9196003724D4 /* Release */,
			);
			defaultConfigurationIsVisible = 0;
			defaultConfigurationName = Release;
		};
		2D2BE54E1A0C9196003724D4 /* Build configuration list for PBXNativeTarget "BrushesCore" */ = {
			isa = XCConfigurationList;
			buildConfigurations = (
				2D2BE54F1A0C9196003724D4 /* Debug */,
				2D2BE5501A0C9196003724D4 /* Release */,
			);
			defaultConfigurationIsVisible = 0;
			defaultConfigurationName = Release;
		};
		60B1B8CD1CF45FF800C99E92 /* Build configuration list for PBXAggregateTarget "Universal" */ = {
			isa = XCConfigurationList;
			buildConfigurations = (
				60B1B8CE1CF45FF800C99E92 /* Debug */,
				60B1B8CF1CF45FF800C99E92 /* Release */,
			);
			defaultConfigurationIsVisible = 0;
			defaultConfigurationName = Release;
		};
/* End XCConfigurationList section */
	};
	rootObject = 2D2BE5231A0C9196003724D4 /* Project object */;
}
